// !$*UTF8*$!
{
	archiveVersion = 1;
	classes = {
	};
	objectVersion = 46;
	objects = {

/* Begin PBXBuildFile section */
		02184B6B1A27C4640046B723 /* AMMapGridLayer.m in Sources */ = {isa = PBXBuildFile; fileRef = 02184B6A1A27C4640046B723 /* AMMapGridLayer.m */; };
		02184B6D1A27C54E0046B723 /* AMMapGridLayerTableCell.xib in Resources */ = {isa = PBXBuildFile; fileRef = 02184B6C1A27C54E0046B723 /* AMMapGridLayerTableCell.xib */; };
		02184B6F1A27D0FA0046B723 /* ABGridLayer.png in Resources */ = {isa = PBXBuildFile; fileRef = 02184B6E1A27D0FA0046B723 /* ABGridLayer.png */; };
		029587521A24E1B400DAAD5F /* AMAppDelegate.m in Sources */ = {isa = PBXBuildFile; fileRef = 029587511A24E1B400DAAD5F /* AMAppDelegate.m */; };
		029587541A24E1B400DAAD5F /* main.m in Sources */ = {isa = PBXBuildFile; fileRef = 029587531A24E1B400DAAD5F /* main.m */; };
		029587571A24E1B400DAAD5F /* AMDocument.m in Sources */ = {isa = PBXBuildFile; fileRef = 029587561A24E1B400DAAD5F /* AMDocument.m */; };
		0295875A1A24E1B400DAAD5F /* AMDocument.xib in Resources */ = {isa = PBXBuildFile; fileRef = 029587581A24E1B400DAAD5F /* AMDocument.xib */; };
		0295875C1A24E1B400DAAD5F /* Images.xcassets in Resources */ = {isa = PBXBuildFile; fileRef = 0295875B1A24E1B400DAAD5F /* Images.xcassets */; };
		0295875F1A24E1B400DAAD5F /* MainMenu.xib in Resources */ = {isa = PBXBuildFile; fileRef = 0295875D1A24E1B400DAAD5F /* MainMenu.xib */; };
		0295876B1A24E1B400DAAD5F /* AstrometryTests.m in Sources */ = {isa = PBXBuildFile; fileRef = 0295876A1A24E1B400DAAD5F /* AstrometryTests.m */; };
		0295878C1A24E33C00DAAD5F /* AMCelestialObject.m in Sources */ = {isa = PBXBuildFile; fileRef = 029587791A24E33C00DAAD5F /* AMCelestialObject.m */; };
		0295878D1A24E33C00DAAD5F /* AMCoordinateSystem.m in Sources */ = {isa = PBXBuildFile; fileRef = 0295877B1A24E33C00DAAD5F /* AMCoordinateSystem.m */; };
		0295878E1A24E33C00DAAD5F /* AMMeasure.m in Sources */ = {isa = PBXBuildFile; fileRef = 0295877D1A24E33C00DAAD5F /* AMMeasure.m */; };
		0295878F1A24E33C00DAAD5F /* AMQuantity.m in Sources */ = {isa = PBXBuildFile; fileRef = 0295877F1A24E33C00DAAD5F /* AMQuantity.m */; };
		029587901A24E33C00DAAD5F /* AMScalarMeasure.m in Sources */ = {isa = PBXBuildFile; fileRef = 029587811A24E33C00DAAD5F /* AMScalarMeasure.m */; };
		029587911A24E33C00DAAD5F /* AMScalarQuantity.m in Sources */ = {isa = PBXBuildFile; fileRef = 029587831A24E33C00DAAD5F /* AMScalarQuantity.m */; };
		029587921A24E33C00DAAD5F /* AMSphericalCoordinates.m in Sources */ = {isa = PBXBuildFile; fileRef = 029587851A24E33C00DAAD5F /* AMSphericalCoordinates.m */; };
		029587931A24E33C00DAAD5F /* AMTypes.m in Sources */ = {isa = PBXBuildFile; fileRef = 029587871A24E33C00DAAD5F /* AMTypes.m */; };
		029587941A24E33C00DAAD5F /* AMUnit.m in Sources */ = {isa = PBXBuildFile; fileRef = 029587891A24E33C00DAAD5F /* AMUnit.m */; };
		029587951A24E33C00DAAD5F /* AMVectorQuantity.m in Sources */ = {isa = PBXBuildFile; fileRef = 0295878B1A24E33C00DAAD5F /* AMVectorQuantity.m */; };
		0295879A1A24E35B00DAAD5F /* AMCatalogue.m in Sources */ = {isa = PBXBuildFile; fileRef = 029587971A24E35B00DAAD5F /* AMCatalogue.m */; };
		0295879B1A24E35B00DAAD5F /* AMCatalogueReader.m in Sources */ = {isa = PBXBuildFile; fileRef = 029587991A24E35B00DAAD5F /* AMCatalogueReader.m */; };
		029587A61A24E38B00DAAD5F /* AMCatalogueIndex.m in Sources */ = {isa = PBXBuildFile; fileRef = 0295879D1A24E38B00DAAD5F /* AMCatalogueIndex.m */; };
		029587A71A24E38B00DAAD5F /* AMCatalogueIndexEntry.m in Sources */ = {isa = PBXBuildFile; fileRef = 0295879F1A24E38B00DAAD5F /* AMCatalogueIndexEntry.m */; };
		029587A81A24E38B00DAAD5F /* AMQuantityIndex.m in Sources */ = {isa = PBXBuildFile; fileRef = 029587A11A24E38B00DAAD5F /* AMQuantityIndex.m */; };
		029587A91A24E38B00DAAD5F /* AMScalarIndexEntry.m in Sources */ = {isa = PBXBuildFile; fileRef = 029587A31A24E38B00DAAD5F /* AMScalarIndexEntry.m */; };
		029587AA1A24E38B00DAAD5F /* AMScalarQuantityIndex.m in Sources */ = {isa = PBXBuildFile; fileRef = 029587A51A24E38B00DAAD5F /* AMScalarQuantityIndex.m */; };
		029587B11A24E3A200DAAD5F /* AMCompoundSearchDescriptor.m in Sources */ = {isa = PBXBuildFile; fileRef = 029587AC1A24E3A200DAAD5F /* AMCompoundSearchDescriptor.m */; };
		029587B21A24E3A200DAAD5F /* AMScalarQuantitySearchDescriptor.m in Sources */ = {isa = PBXBuildFile; fileRef = 029587AE1A24E3A200DAAD5F /* AMScalarQuantitySearchDescriptor.m */; };
		029587B31A24E3A200DAAD5F /* AMSearchDescriptor.m in Sources */ = {isa = PBXBuildFile; fileRef = 029587B01A24E3A200DAAD5F /* AMSearchDescriptor.m */; };
		029587B91A24E3BA00DAAD5F /* AMCalculator.m in Sources */ = {isa = PBXBuildFile; fileRef = 029587B61A24E3BA00DAAD5F /* AMCalculator.m */; };
		029587BA1A24E3BA00DAAD5F /* AMColourIndexCalculator.m in Sources */ = {isa = PBXBuildFile; fileRef = 029587B81A24E3BA00DAAD5F /* AMColourIndexCalculator.m */; };
		029587BC1A24E47A00DAAD5F /* OmCenFORS.xml in Resources */ = {isa = PBXBuildFile; fileRef = 029587BB1A24E47A00DAAD5F /* OmCenFORS.xml */; };
		029587C11A24F05000DAAD5F /* AMLayer.m in Sources */ = {isa = PBXBuildFile; fileRef = 029587C01A24F05000DAAD5F /* AMLayer.m */; };
		029587C41A24F16500DAAD5F /* AMPlotView.m in Sources */ = {isa = PBXBuildFile; fileRef = 029587C31A24F16500DAAD5F /* AMPlotView.m */; };
		029587C71A24F39C00DAAD5F /* AMPlot.m in Sources */ = {isa = PBXBuildFile; fileRef = 029587C61A24F39C00DAAD5F /* AMPlot.m */; };
		029587CD1A251D9400DAAD5F /* AMAstrometricMap.m in Sources */ = {isa = PBXBuildFile; fileRef = 029587CC1A251D9400DAAD5F /* AMAstrometricMap.m */; };
		029587D11A25C02100DAAD5F /* AMListDatasource.m in Sources */ = {isa = PBXBuildFile; fileRef = 029587D01A25C02100DAAD5F /* AMListDatasource.m */; };
		029587D41A25D74000DAAD5F /* AMCoordinateRulesLayerTableCell.xib in Resources */ = {isa = PBXBuildFile; fileRef = 029587D31A25D74000DAAD5F /* AMCoordinateRulesLayerTableCell.xib */; };
		02E504631A25F2670070E381 /* ABRulersLayer.png in Resources */ = {isa = PBXBuildFile; fileRef = 02E504621A25F2670070E381 /* ABRulersLayer.png */; };
		02E504681A26113C0070E381 /* AMDefaultListItemViewController.xib in Resources */ = {isa = PBXBuildFile; fileRef = 02E504661A26113C0070E381 /* AMDefaultListItemViewController.xib */; };
		02E5046C1A2618090070E381 /* AMListItemController.m in Sources */ = {isa = PBXBuildFile; fileRef = 02E5046B1A2618090070E381 /* AMListItemController.m */; };
		02E5046E1A262D290070E381 /* AMAstrometricMapTableCell.xib in Resources */ = {isa = PBXBuildFile; fileRef = 02E5046D1A262D290070E381 /* AMAstrometricMapTableCell.xib */; };
		02E504701A2639440070E381 /* AMAstrometricPlotItem.png in Resources */ = {isa = PBXBuildFile; fileRef = 02E5046F1A2639440070E381 /* AMAstrometricPlotItem.png */; };
		02E504731A263BF30070E381 /* AMListView.m in Sources */ = {isa = PBXBuildFile; fileRef = 02E504721A263BF30070E381 /* AMListView.m */; };
		02E504771A2678E80070E381 /* AMMapProjection.m in Sources */ = {isa = PBXBuildFile; fileRef = 02E504761A2678E80070E381 /* AMMapProjection.m */; };
		02E5047A1A2679280070E381 /* AMEquirectangularMapProjection.m in Sources */ = {isa = PBXBuildFile; fileRef = 02E504791A2679280070E381 /* AMEquirectangularMapProjection.m */; };
/* End PBXBuildFile section */

/* Begin PBXContainerItemProxy section */
		029587651A24E1B400DAAD5F /* PBXContainerItemProxy */ = {
			isa = PBXContainerItemProxy;
			containerPortal = 029587431A24E1B400DAAD5F /* Project object */;
			proxyType = 1;
			remoteGlobalIDString = 0295874A1A24E1B400DAAD5F;
			remoteInfo = Astrometry;
		};
/* End PBXContainerItemProxy section */

/* Begin PBXFileReference section */
		02184B691A27C4640046B723 /* AMMapGridLayer.h */ = {isa = PBXFileReference; fileEncoding = 4; lastKnownFileType = sourcecode.c.h; path = AMMapGridLayer.h; sourceTree = "<group>"; };
		02184B6A1A27C4640046B723 /* AMMapGridLayer.m */ = {isa = PBXFileReference; fileEncoding = 4; lastKnownFileType = sourcecode.c.objc; path = AMMapGridLayer.m; sourceTree = "<group>"; };
		02184B6C1A27C54E0046B723 /* AMMapGridLayerTableCell.xib */ = {isa = PBXFileReference; fileEncoding = 4; lastKnownFileType = file.xib; path = AMMapGridLayerTableCell.xib; sourceTree = "<group>"; };
		02184B6E1A27D0FA0046B723 /* ABGridLayer.png */ = {isa = PBXFileReference; lastKnownFileType = image.png; name = ABGridLayer.png; path = Images.xcassets/ABGridLayer.png; sourceTree = "<group>"; };
		0295874B1A24E1B400DAAD5F /* Astrometry.app */ = {isa = PBXFileReference; explicitFileType = wrapper.application; includeInIndex = 0; path = Astrometry.app; sourceTree = BUILT_PRODUCTS_DIR; };
		0295874F1A24E1B400DAAD5F /* Info.plist */ = {isa = PBXFileReference; lastKnownFileType = text.plist.xml; path = Info.plist; sourceTree = "<group>"; };
		029587501A24E1B400DAAD5F /* AMAppDelegate.h */ = {isa = PBXFileReference; lastKnownFileType = sourcecode.c.h; path = AMAppDelegate.h; sourceTree = "<group>"; };
		029587511A24E1B400DAAD5F /* AMAppDelegate.m */ = {isa = PBXFileReference; lastKnownFileType = sourcecode.c.objc; path = AMAppDelegate.m; sourceTree = "<group>"; };
		029587531A24E1B400DAAD5F /* main.m */ = {isa = PBXFileReference; lastKnownFileType = sourcecode.c.objc; path = main.m; sourceTree = "<group>"; };
		029587551A24E1B400DAAD5F /* AMDocument.h */ = {isa = PBXFileReference; lastKnownFileType = sourcecode.c.h; path = AMDocument.h; sourceTree = "<group>"; };
		029587561A24E1B400DAAD5F /* AMDocument.m */ = {isa = PBXFileReference; lastKnownFileType = sourcecode.c.objc; path = AMDocument.m; sourceTree = "<group>"; };
		029587591A24E1B400DAAD5F /* Base */ = {isa = PBXFileReference; lastKnownFileType = file.xib; name = Base; path = Base.lproj/AMDocument.xib; sourceTree = "<group>"; };
		0295875B1A24E1B400DAAD5F /* Images.xcassets */ = {isa = PBXFileReference; lastKnownFileType = folder.assetcatalog; path = Images.xcassets; sourceTree = "<group>"; };
		0295875E1A24E1B400DAAD5F /* Base */ = {isa = PBXFileReference; lastKnownFileType = file.xib; name = Base; path = Base.lproj/MainMenu.xib; sourceTree = "<group>"; };
		029587641A24E1B400DAAD5F /* AstrometryTests.xctest */ = {isa = PBXFileReference; explicitFileType = wrapper.cfbundle; includeInIndex = 0; path = AstrometryTests.xctest; sourceTree = BUILT_PRODUCTS_DIR; };
		029587691A24E1B400DAAD5F /* Info.plist */ = {isa = PBXFileReference; lastKnownFileType = text.plist.xml; path = Info.plist; sourceTree = "<group>"; };
		0295876A1A24E1B400DAAD5F /* AstrometryTests.m */ = {isa = PBXFileReference; lastKnownFileType = sourcecode.c.objc; path = AstrometryTests.m; sourceTree = "<group>"; };
		029587781A24E33C00DAAD5F /* AMCelestialObject.h */ = {isa = PBXFileReference; fileEncoding = 4; lastKnownFileType = sourcecode.c.h; path = AMCelestialObject.h; sourceTree = "<group>"; };
		029587791A24E33C00DAAD5F /* AMCelestialObject.m */ = {isa = PBXFileReference; fileEncoding = 4; lastKnownFileType = sourcecode.c.objc; path = AMCelestialObject.m; sourceTree = "<group>"; };
		0295877A1A24E33C00DAAD5F /* AMCoordinateSystem.h */ = {isa = PBXFileReference; fileEncoding = 4; lastKnownFileType = sourcecode.c.h; path = AMCoordinateSystem.h; sourceTree = "<group>"; };
		0295877B1A24E33C00DAAD5F /* AMCoordinateSystem.m */ = {isa = PBXFileReference; fileEncoding = 4; lastKnownFileType = sourcecode.c.objc; path = AMCoordinateSystem.m; sourceTree = "<group>"; };
		0295877C1A24E33C00DAAD5F /* AMMeasure.h */ = {isa = PBXFileReference; fileEncoding = 4; lastKnownFileType = sourcecode.c.h; path = AMMeasure.h; sourceTree = "<group>"; };
		0295877D1A24E33C00DAAD5F /* AMMeasure.m */ = {isa = PBXFileReference; fileEncoding = 4; lastKnownFileType = sourcecode.c.objc; path = AMMeasure.m; sourceTree = "<group>"; };
		0295877E1A24E33C00DAAD5F /* AMQuantity.h */ = {isa = PBXFileReference; fileEncoding = 4; lastKnownFileType = sourcecode.c.h; path = AMQuantity.h; sourceTree = "<group>"; };
		0295877F1A24E33C00DAAD5F /* AMQuantity.m */ = {isa = PBXFileReference; fileEncoding = 4; lastKnownFileType = sourcecode.c.objc; path = AMQuantity.m; sourceTree = "<group>"; };
		029587801A24E33C00DAAD5F /* AMScalarMeasure.h */ = {isa = PBXFileReference; fileEncoding = 4; lastKnownFileType = sourcecode.c.h; path = AMScalarMeasure.h; sourceTree = "<group>"; };
		029587811A24E33C00DAAD5F /* AMScalarMeasure.m */ = {isa = PBXFileReference; fileEncoding = 4; lastKnownFileType = sourcecode.c.objc; path = AMScalarMeasure.m; sourceTree = "<group>"; };
		029587821A24E33C00DAAD5F /* AMScalarQuantity.h */ = {isa = PBXFileReference; fileEncoding = 4; lastKnownFileType = sourcecode.c.h; path = AMScalarQuantity.h; sourceTree = "<group>"; };
		029587831A24E33C00DAAD5F /* AMScalarQuantity.m */ = {isa = PBXFileReference; fileEncoding = 4; lastKnownFileType = sourcecode.c.objc; path = AMScalarQuantity.m; sourceTree = "<group>"; };
		029587841A24E33C00DAAD5F /* AMSphericalCoordinates.h */ = {isa = PBXFileReference; fileEncoding = 4; lastKnownFileType = sourcecode.c.h; path = AMSphericalCoordinates.h; sourceTree = "<group>"; };
		029587851A24E33C00DAAD5F /* AMSphericalCoordinates.m */ = {isa = PBXFileReference; fileEncoding = 4; lastKnownFileType = sourcecode.c.objc; path = AMSphericalCoordinates.m; sourceTree = "<group>"; };
		029587861A24E33C00DAAD5F /* AMTypes.h */ = {isa = PBXFileReference; fileEncoding = 4; lastKnownFileType = sourcecode.c.h; path = AMTypes.h; sourceTree = "<group>"; };
		029587871A24E33C00DAAD5F /* AMTypes.m */ = {isa = PBXFileReference; fileEncoding = 4; lastKnownFileType = sourcecode.c.objc; path = AMTypes.m; sourceTree = "<group>"; };
		029587881A24E33C00DAAD5F /* AMUnit.h */ = {isa = PBXFileReference; fileEncoding = 4; lastKnownFileType = sourcecode.c.h; path = AMUnit.h; sourceTree = "<group>"; };
		029587891A24E33C00DAAD5F /* AMUnit.m */ = {isa = PBXFileReference; fileEncoding = 4; lastKnownFileType = sourcecode.c.objc; path = AMUnit.m; sourceTree = "<group>"; };
		0295878A1A24E33C00DAAD5F /* AMVectorQuantity.h */ = {isa = PBXFileReference; fileEncoding = 4; lastKnownFileType = sourcecode.c.h; path = AMVectorQuantity.h; sourceTree = "<group>"; };
		0295878B1A24E33C00DAAD5F /* AMVectorQuantity.m */ = {isa = PBXFileReference; fileEncoding = 4; lastKnownFileType = sourcecode.c.objc; path = AMVectorQuantity.m; sourceTree = "<group>"; };
		029587961A24E35B00DAAD5F /* AMCatalogue.h */ = {isa = PBXFileReference; fileEncoding = 4; lastKnownFileType = sourcecode.c.h; path = AMCatalogue.h; sourceTree = "<group>"; };
		029587971A24E35B00DAAD5F /* AMCatalogue.m */ = {isa = PBXFileReference; fileEncoding = 4; lastKnownFileType = sourcecode.c.objc; path = AMCatalogue.m; sourceTree = "<group>"; };
		029587981A24E35B00DAAD5F /* AMCatalogueReader.h */ = {isa = PBXFileReference; fileEncoding = 4; lastKnownFileType = sourcecode.c.h; path = AMCatalogueReader.h; sourceTree = "<group>"; };
		029587991A24E35B00DAAD5F /* AMCatalogueReader.m */ = {isa = PBXFileReference; fileEncoding = 4; lastKnownFileType = sourcecode.c.objc; path = AMCatalogueReader.m; sourceTree = "<group>"; };
		0295879C1A24E38B00DAAD5F /* AMCatalogueIndex.h */ = {isa = PBXFileReference; fileEncoding = 4; lastKnownFileType = sourcecode.c.h; path = AMCatalogueIndex.h; sourceTree = "<group>"; };
		0295879D1A24E38B00DAAD5F /* AMCatalogueIndex.m */ = {isa = PBXFileReference; fileEncoding = 4; lastKnownFileType = sourcecode.c.objc; path = AMCatalogueIndex.m; sourceTree = "<group>"; };
		0295879E1A24E38B00DAAD5F /* AMCatalogueIndexEntry.h */ = {isa = PBXFileReference; fileEncoding = 4; lastKnownFileType = sourcecode.c.h; path = AMCatalogueIndexEntry.h; sourceTree = "<group>"; };
		0295879F1A24E38B00DAAD5F /* AMCatalogueIndexEntry.m */ = {isa = PBXFileReference; fileEncoding = 4; lastKnownFileType = sourcecode.c.objc; path = AMCatalogueIndexEntry.m; sourceTree = "<group>"; };
		029587A01A24E38B00DAAD5F /* AMQuantityIndex.h */ = {isa = PBXFileReference; fileEncoding = 4; lastKnownFileType = sourcecode.c.h; path = AMQuantityIndex.h; sourceTree = "<group>"; };
		029587A11A24E38B00DAAD5F /* AMQuantityIndex.m */ = {isa = PBXFileReference; fileEncoding = 4; lastKnownFileType = sourcecode.c.objc; path = AMQuantityIndex.m; sourceTree = "<group>"; };
		029587A21A24E38B00DAAD5F /* AMScalarIndexEntry.h */ = {isa = PBXFileReference; fileEncoding = 4; lastKnownFileType = sourcecode.c.h; path = AMScalarIndexEntry.h; sourceTree = "<group>"; };
		029587A31A24E38B00DAAD5F /* AMScalarIndexEntry.m */ = {isa = PBXFileReference; fileEncoding = 4; lastKnownFileType = sourcecode.c.objc; path = AMScalarIndexEntry.m; sourceTree = "<group>"; };
		029587A41A24E38B00DAAD5F /* AMScalarQuantityIndex.h */ = {isa = PBXFileReference; fileEncoding = 4; lastKnownFileType = sourcecode.c.h; path = AMScalarQuantityIndex.h; sourceTree = "<group>"; };
		029587A51A24E38B00DAAD5F /* AMScalarQuantityIndex.m */ = {isa = PBXFileReference; fileEncoding = 4; lastKnownFileType = sourcecode.c.objc; path = AMScalarQuantityIndex.m; sourceTree = "<group>"; };
		029587AB1A24E3A200DAAD5F /* AMCompoundSearchDescriptor.h */ = {isa = PBXFileReference; fileEncoding = 4; lastKnownFileType = sourcecode.c.h; path = AMCompoundSearchDescriptor.h; sourceTree = "<group>"; };
		029587AC1A24E3A200DAAD5F /* AMCompoundSearchDescriptor.m */ = {isa = PBXFileReference; fileEncoding = 4; lastKnownFileType = sourcecode.c.objc; path = AMCompoundSearchDescriptor.m; sourceTree = "<group>"; };
		029587AD1A24E3A200DAAD5F /* AMScalarQuantitySearchDescriptor.h */ = {isa = PBXFileReference; fileEncoding = 4; lastKnownFileType = sourcecode.c.h; path = AMScalarQuantitySearchDescriptor.h; sourceTree = "<group>"; };
		029587AE1A24E3A200DAAD5F /* AMScalarQuantitySearchDescriptor.m */ = {isa = PBXFileReference; fileEncoding = 4; lastKnownFileType = sourcecode.c.objc; path = AMScalarQuantitySearchDescriptor.m; sourceTree = "<group>"; };
		029587AF1A24E3A200DAAD5F /* AMSearchDescriptor.h */ = {isa = PBXFileReference; fileEncoding = 4; lastKnownFileType = sourcecode.c.h; path = AMSearchDescriptor.h; sourceTree = "<group>"; };
		029587B01A24E3A200DAAD5F /* AMSearchDescriptor.m */ = {isa = PBXFileReference; fileEncoding = 4; lastKnownFileType = sourcecode.c.objc; path = AMSearchDescriptor.m; sourceTree = "<group>"; };
		029587B51A24E3BA00DAAD5F /* AMCalculator.h */ = {isa = PBXFileReference; fileEncoding = 4; lastKnownFileType = sourcecode.c.h; path = AMCalculator.h; sourceTree = "<group>"; };
		029587B61A24E3BA00DAAD5F /* AMCalculator.m */ = {isa = PBXFileReference; fileEncoding = 4; lastKnownFileType = sourcecode.c.objc; path = AMCalculator.m; sourceTree = "<group>"; };
		029587B71A24E3BA00DAAD5F /* AMColourIndexCalculator.h */ = {isa = PBXFileReference; fileEncoding = 4; lastKnownFileType = sourcecode.c.h; path = AMColourIndexCalculator.h; sourceTree = "<group>"; };
		029587B81A24E3BA00DAAD5F /* AMColourIndexCalculator.m */ = {isa = PBXFileReference; fileEncoding = 4; lastKnownFileType = sourcecode.c.objc; path = AMColourIndexCalculator.m; sourceTree = "<group>"; };
		029587BB1A24E47A00DAAD5F /* OmCenFORS.xml */ = {isa = PBXFileReference; fileEncoding = 4; lastKnownFileType = text.xml; path = OmCenFORS.xml; sourceTree = "<group>"; };
		029587BF1A24F05000DAAD5F /* AMLayer.h */ = {isa = PBXFileReference; fileEncoding = 4; lastKnownFileType = sourcecode.c.h; path = AMLayer.h; sourceTree = "<group>"; };
		029587C01A24F05000DAAD5F /* AMLayer.m */ = {isa = PBXFileReference; fileEncoding = 4; lastKnownFileType = sourcecode.c.objc; path = AMLayer.m; sourceTree = "<group>"; };
		029587C21A24F16500DAAD5F /* AMPlotView.h */ = {isa = PBXFileReference; fileEncoding = 4; lastKnownFileType = sourcecode.c.h; path = AMPlotView.h; sourceTree = "<group>"; };
		029587C31A24F16500DAAD5F /* AMPlotView.m */ = {isa = PBXFileReference; fileEncoding = 4; lastKnownFileType = sourcecode.c.objc; path = AMPlotView.m; sourceTree = "<group>"; };
		029587C51A24F39C00DAAD5F /* AMPlot.h */ = {isa = PBXFileReference; fileEncoding = 4; lastKnownFileType = sourcecode.c.h; path = AMPlot.h; sourceTree = "<group>"; };
		029587C61A24F39C00DAAD5F /* AMPlot.m */ = {isa = PBXFileReference; fileEncoding = 4; lastKnownFileType = sourcecode.c.objc; path = AMPlot.m; sourceTree = "<group>"; };
		029587CB1A251D9400DAAD5F /* AMAstrometricMap.h */ = {isa = PBXFileReference; fileEncoding = 4; lastKnownFileType = sourcecode.c.h; path = AMAstrometricMap.h; sourceTree = "<group>"; };
		029587CC1A251D9400DAAD5F /* AMAstrometricMap.m */ = {isa = PBXFileReference; fileEncoding = 4; lastKnownFileType = sourcecode.c.objc; path = AMAstrometricMap.m; sourceTree = "<group>"; };
		029587CF1A25C02100DAAD5F /* AMListDatasource.h */ = {isa = PBXFileReference; fileEncoding = 4; lastKnownFileType = sourcecode.c.h; path = AMListDatasource.h; sourceTree = "<group>"; };
		029587D01A25C02100DAAD5F /* AMListDatasource.m */ = {isa = PBXFileReference; fileEncoding = 4; lastKnownFileType = sourcecode.c.objc; path = AMListDatasource.m; sourceTree = "<group>"; };
		029587D31A25D74000DAAD5F /* AMCoordinateRulesLayerTableCell.xib */ = {isa = PBXFileReference; fileEncoding = 4; lastKnownFileType = file.xib; path = AMCoordinateRulesLayerTableCell.xib; sourceTree = "<group>"; };
		02E504621A25F2670070E381 /* ABRulersLayer.png */ = {isa = PBXFileReference; lastKnownFileType = image.png; name = ABRulersLayer.png; path = Images.xcassets/ABRulersLayer.png; sourceTree = "<group>"; };
		02E504661A26113C0070E381 /* AMDefaultListItemViewController.xib */ = {isa = PBXFileReference; fileEncoding = 4; lastKnownFileType = file.xib; path = AMDefaultListItemViewController.xib; sourceTree = "<group>"; };
		02E5046A1A2618090070E381 /* AMListItemController.h */ = {isa = PBXFileReference; fileEncoding = 4; lastKnownFileType = sourcecode.c.h; path = AMListItemController.h; sourceTree = "<group>"; };
		02E5046B1A2618090070E381 /* AMListItemController.m */ = {isa = PBXFileReference; fileEncoding = 4; lastKnownFileType = sourcecode.c.objc; path = AMListItemController.m; sourceTree = "<group>"; };
		02E5046D1A262D290070E381 /* AMAstrometricMapTableCell.xib */ = {isa = PBXFileReference; fileEncoding = 4; lastKnownFileType = file.xib; path = AMAstrometricMapTableCell.xib; sourceTree = "<group>"; };
		02E5046F1A2639440070E381 /* AMAstrometricPlotItem.png */ = {isa = PBXFileReference; lastKnownFileType = image.png; name = AMAstrometricPlotItem.png; path = Images.xcassets/AMAstrometricPlotItem.png; sourceTree = "<group>"; };
		02E504711A263BF30070E381 /* AMListView.h */ = {isa = PBXFileReference; fileEncoding = 4; lastKnownFileType = sourcecode.c.h; path = AMListView.h; sourceTree = "<group>"; };
		02E504721A263BF30070E381 /* AMListView.m */ = {isa = PBXFileReference; fileEncoding = 4; lastKnownFileType = sourcecode.c.objc; path = AMListView.m; sourceTree = "<group>"; };
		02E504751A2678E80070E381 /* AMMapProjection.h */ = {isa = PBXFileReference; fileEncoding = 4; lastKnownFileType = sourcecode.c.h; path = AMMapProjection.h; sourceTree = "<group>"; };
		02E504761A2678E80070E381 /* AMMapProjection.m */ = {isa = PBXFileReference; fileEncoding = 4; lastKnownFileType = sourcecode.c.objc; path = AMMapProjection.m; sourceTree = "<group>"; };
		02E504781A2679280070E381 /* AMEquirectangularMapProjection.h */ = {isa = PBXFileReference; fileEncoding = 4; lastKnownFileType = sourcecode.c.h; path = AMEquirectangularMapProjection.h; sourceTree = "<group>"; };
		02E504791A2679280070E381 /* AMEquirectangularMapProjection.m */ = {isa = PBXFileReference; fileEncoding = 4; lastKnownFileType = sourcecode.c.objc; path = AMEquirectangularMapProjection.m; sourceTree = "<group>"; };
/* End PBXFileReference section */

/* Begin PBXFrameworksBuildPhase section */
		029587481A24E1B400DAAD5F /* Frameworks */ = {
			isa = PBXFrameworksBuildPhase;
			buildActionMask = 2147483647;
			files = (
			);
			runOnlyForDeploymentPostprocessing = 0;
		};
		029587611A24E1B400DAAD5F /* Frameworks */ = {
			isa = PBXFrameworksBuildPhase;
			buildActionMask = 2147483647;
			files = (
			);
			runOnlyForDeploymentPostprocessing = 0;
		};
/* End PBXFrameworksBuildPhase section */

/* Begin PBXGroup section */
		029587421A24E1B400DAAD5F = {
			isa = PBXGroup;
			children = (
				0295874D1A24E1B400DAAD5F /* Astrometry */,
				029587671A24E1B400DAAD5F /* AstrometryTests */,
				0295874C1A24E1B400DAAD5F /* Products */,
			);
			sourceTree = "<group>";
		};
		0295874C1A24E1B400DAAD5F /* Products */ = {
			isa = PBXGroup;
			children = (
				0295874B1A24E1B400DAAD5F /* Astrometry.app */,
				029587641A24E1B400DAAD5F /* AstrometryTests.xctest */,
			);
			name = Products;
			sourceTree = "<group>";
		};
		0295874D1A24E1B400DAAD5F /* Astrometry */ = {
			isa = PBXGroup;
			children = (
				029587BE1A24EEDD00DAAD5F /* Layers */,
				029587BD1A24EEB300DAAD5F /* Views */,
				02E504741A2677F90070E381 /* Map Projections */,
				02E504691A2617D90070E381 /* Controllers */,
				029587CE1A25BFDD00DAAD5F /* Datasources and Delegates */,
				029587751A24E2C800DAAD5F /* Catalogue */,
				029587741A24E2BD00DAAD5F /* Model */,
				029587501A24E1B400DAAD5F /* AMAppDelegate.h */,
				029587511A24E1B400DAAD5F /* AMAppDelegate.m */,
				029587551A24E1B400DAAD5F /* AMDocument.h */,
				029587561A24E1B400DAAD5F /* AMDocument.m */,
				029587D21A25D70F00DAAD5F /* GUI */,
				0295874E1A24E1B400DAAD5F /* Supporting Files */,
			);
			path = Astrometry;
			sourceTree = "<group>";
		};
		0295874E1A24E1B400DAAD5F /* Supporting Files */ = {
			isa = PBXGroup;
			children = (
				029587BB1A24E47A00DAAD5F /* OmCenFORS.xml */,
				0295874F1A24E1B400DAAD5F /* Info.plist */,
				029587531A24E1B400DAAD5F /* main.m */,
			);
			name = "Supporting Files";
			sourceTree = "<group>";
		};
		029587671A24E1B400DAAD5F /* AstrometryTests */ = {
			isa = PBXGroup;
			children = (
				0295876A1A24E1B400DAAD5F /* AstrometryTests.m */,
				029587681A24E1B400DAAD5F /* Supporting Files */,
			);
			path = AstrometryTests;
			sourceTree = "<group>";
		};
		029587681A24E1B400DAAD5F /* Supporting Files */ = {
			isa = PBXGroup;
			children = (
				029587691A24E1B400DAAD5F /* Info.plist */,
			);
			name = "Supporting Files";
			sourceTree = "<group>";
		};
		029587741A24E2BD00DAAD5F /* Model */ = {
			isa = PBXGroup;
			children = (
				029587781A24E33C00DAAD5F /* AMCelestialObject.h */,
				029587791A24E33C00DAAD5F /* AMCelestialObject.m */,
				0295877A1A24E33C00DAAD5F /* AMCoordinateSystem.h */,
				0295877B1A24E33C00DAAD5F /* AMCoordinateSystem.m */,
				0295877C1A24E33C00DAAD5F /* AMMeasure.h */,
				0295877D1A24E33C00DAAD5F /* AMMeasure.m */,
				0295877E1A24E33C00DAAD5F /* AMQuantity.h */,
				0295877F1A24E33C00DAAD5F /* AMQuantity.m */,
				029587801A24E33C00DAAD5F /* AMScalarMeasure.h */,
				029587811A24E33C00DAAD5F /* AMScalarMeasure.m */,
				029587821A24E33C00DAAD5F /* AMScalarQuantity.h */,
				029587831A24E33C00DAAD5F /* AMScalarQuantity.m */,
				029587841A24E33C00DAAD5F /* AMSphericalCoordinates.h */,
				029587851A24E33C00DAAD5F /* AMSphericalCoordinates.m */,
				029587861A24E33C00DAAD5F /* AMTypes.h */,
				029587871A24E33C00DAAD5F /* AMTypes.m */,
				029587881A24E33C00DAAD5F /* AMUnit.h */,
				029587891A24E33C00DAAD5F /* AMUnit.m */,
				0295878A1A24E33C00DAAD5F /* AMVectorQuantity.h */,
				0295878B1A24E33C00DAAD5F /* AMVectorQuantity.m */,
			);
			name = Model;
			sourceTree = "<group>";
		};
		029587751A24E2C800DAAD5F /* Catalogue */ = {
			isa = PBXGroup;
			children = (
				029587961A24E35B00DAAD5F /* AMCatalogue.h */,
				029587971A24E35B00DAAD5F /* AMCatalogue.m */,
				029587981A24E35B00DAAD5F /* AMCatalogueReader.h */,
				029587991A24E35B00DAAD5F /* AMCatalogueReader.m */,
				029587771A24E2EE00DAAD5F /* Index */,
				029587B41A24E3A700DAAD5F /* Calculators */,
				029587761A24E2D500DAAD5F /* Search */,
			);
			name = Catalogue;
			sourceTree = "<group>";
		};
		029587761A24E2D500DAAD5F /* Search */ = {
			isa = PBXGroup;
			children = (
				029587AB1A24E3A200DAAD5F /* AMCompoundSearchDescriptor.h */,
				029587AC1A24E3A200DAAD5F /* AMCompoundSearchDescriptor.m */,
				029587AD1A24E3A200DAAD5F /* AMScalarQuantitySearchDescriptor.h */,
				029587AE1A24E3A200DAAD5F /* AMScalarQuantitySearchDescriptor.m */,
				029587AF1A24E3A200DAAD5F /* AMSearchDescriptor.h */,
				029587B01A24E3A200DAAD5F /* AMSearchDescriptor.m */,
			);
			name = Search;
			sourceTree = "<group>";
		};
		029587771A24E2EE00DAAD5F /* Index */ = {
			isa = PBXGroup;
			children = (
				0295879C1A24E38B00DAAD5F /* AMCatalogueIndex.h */,
				0295879D1A24E38B00DAAD5F /* AMCatalogueIndex.m */,
				0295879E1A24E38B00DAAD5F /* AMCatalogueIndexEntry.h */,
				0295879F1A24E38B00DAAD5F /* AMCatalogueIndexEntry.m */,
				029587A01A24E38B00DAAD5F /* AMQuantityIndex.h */,
				029587A11A24E38B00DAAD5F /* AMQuantityIndex.m */,
				029587A21A24E38B00DAAD5F /* AMScalarIndexEntry.h */,
				029587A31A24E38B00DAAD5F /* AMScalarIndexEntry.m */,
				029587A41A24E38B00DAAD5F /* AMScalarQuantityIndex.h */,
				029587A51A24E38B00DAAD5F /* AMScalarQuantityIndex.m */,
			);
			name = Index;
			sourceTree = "<group>";
		};
		029587B41A24E3A700DAAD5F /* Calculators */ = {
			isa = PBXGroup;
			children = (
				029587B51A24E3BA00DAAD5F /* AMCalculator.h */,
				029587B61A24E3BA00DAAD5F /* AMCalculator.m */,
				029587B71A24E3BA00DAAD5F /* AMColourIndexCalculator.h */,
				029587B81A24E3BA00DAAD5F /* AMColourIndexCalculator.m */,
			);
			name = Calculators;
			sourceTree = "<group>";
		};
		029587BD1A24EEB300DAAD5F /* Views */ = {
			isa = PBXGroup;
			children = (
				029587C21A24F16500DAAD5F /* AMPlotView.h */,
				029587C31A24F16500DAAD5F /* AMPlotView.m */,
				029587C51A24F39C00DAAD5F /* AMPlot.h */,
				029587C61A24F39C00DAAD5F /* AMPlot.m */,
				029587CB1A251D9400DAAD5F /* AMAstrometricMap.h */,
				029587CC1A251D9400DAAD5F /* AMAstrometricMap.m */,
				02E504711A263BF30070E381 /* AMListView.h */,
				02E504721A263BF30070E381 /* AMListView.m */,
			);
			name = Views;
			sourceTree = "<group>";
		};
		029587BE1A24EEDD00DAAD5F /* Layers */ = {
			isa = PBXGroup;
			children = (
				029587BF1A24F05000DAAD5F /* AMLayer.h */,
				029587C01A24F05000DAAD5F /* AMLayer.m */,
				02184B691A27C4640046B723 /* AMMapGridLayer.h */,
				02184B6A1A27C4640046B723 /* AMMapGridLayer.m */,
			);
			name = Layers;
			sourceTree = "<group>";
		};
		029587CE1A25BFDD00DAAD5F /* Datasources and Delegates */ = {
			isa = PBXGroup;
			children = (
				029587CF1A25C02100DAAD5F /* AMListDatasource.h */,
				029587D01A25C02100DAAD5F /* AMListDatasource.m */,
			);
			name = "Datasources and Delegates";
			sourceTree = "<group>";
		};
		029587D21A25D70F00DAAD5F /* GUI */ = {
			isa = PBXGroup;
			children = (
				02184B6E1A27D0FA0046B723 /* ABGridLayer.png */,
				02E5046F1A2639440070E381 /* AMAstrometricPlotItem.png */,
				02E504621A25F2670070E381 /* ABRulersLayer.png */,
				02E504661A26113C0070E381 /* AMDefaultListItemViewController.xib */,
				029587D31A25D74000DAAD5F /* AMCoordinateRulesLayerTableCell.xib */,
				02184B6C1A27C54E0046B723 /* AMMapGridLayerTableCell.xib */,
				02E5046D1A262D290070E381 /* AMAstrometricMapTableCell.xib */,
				0295875D1A24E1B400DAAD5F /* MainMenu.xib */,
				029587581A24E1B400DAAD5F /* AMDocument.xib */,
				0295875B1A24E1B400DAAD5F /* Images.xcassets */,
			);
			name = GUI;
			sourceTree = "<group>";
		};
		02E504691A2617D90070E381 /* Controllers */ = {
			isa = PBXGroup;
			children = (
				02E5046A1A2618090070E381 /* AMListItemController.h */,
				02E5046B1A2618090070E381 /* AMListItemController.m */,
			);
			name = Controllers;
			sourceTree = "<group>";
		};
		02E504741A2677F90070E381 /* Map Projections */ = {
			isa = PBXGroup;
			children = (
				02E504751A2678E80070E381 /* AMMapProjection.h */,
				02E504761A2678E80070E381 /* AMMapProjection.m */,
				02E504781A2679280070E381 /* AMEquirectangularMapProjection.h */,
				02E504791A2679280070E381 /* AMEquirectangularMapProjection.m */,
			);
			name = "Map Projections";
			sourceTree = "<group>";
		};
/* End PBXGroup section */

/* Begin PBXNativeTarget section */
		0295874A1A24E1B400DAAD5F /* Astrometry */ = {
			isa = PBXNativeTarget;
			buildConfigurationList = 0295876E1A24E1B400DAAD5F /* Build configuration list for PBXNativeTarget "Astrometry" */;
			buildPhases = (
				029587471A24E1B400DAAD5F /* Sources */,
				029587481A24E1B400DAAD5F /* Frameworks */,
				029587491A24E1B400DAAD5F /* Resources */,
			);
			buildRules = (
			);
			dependencies = (
			);
			name = Astrometry;
			productName = Astrometry;
			productReference = 0295874B1A24E1B400DAAD5F /* Astrometry.app */;
			productType = "com.apple.product-type.application";
		};
		029587631A24E1B400DAAD5F /* AstrometryTests */ = {
			isa = PBXNativeTarget;
			buildConfigurationList = 029587711A24E1B400DAAD5F /* Build configuration list for PBXNativeTarget "AstrometryTests" */;
			buildPhases = (
				029587601A24E1B400DAAD5F /* Sources */,
				029587611A24E1B400DAAD5F /* Frameworks */,
				029587621A24E1B400DAAD5F /* Resources */,
			);
			buildRules = (
			);
			dependencies = (
				029587661A24E1B400DAAD5F /* PBXTargetDependency */,
			);
			name = AstrometryTests;
			productName = AstrometryTests;
			productReference = 029587641A24E1B400DAAD5F /* AstrometryTests.xctest */;
			productType = "com.apple.product-type.bundle.unit-test";
		};
/* End PBXNativeTarget section */

/* Begin PBXProject section */
		029587431A24E1B400DAAD5F /* Project object */ = {
			isa = PBXProject;
			attributes = {
				LastUpgradeCheck = 0610;
				ORGANIZATIONNAME = lapsedpacifist;
				TargetAttributes = {
					0295874A1A24E1B400DAAD5F = {
						CreatedOnToolsVersion = 6.1;
					};
					029587631A24E1B400DAAD5F = {
						CreatedOnToolsVersion = 6.1;
						TestTargetID = 0295874A1A24E1B400DAAD5F;
					};
				};
			};
			buildConfigurationList = 029587461A24E1B400DAAD5F /* Build configuration list for PBXProject "Astrometry" */;
			compatibilityVersion = "Xcode 3.2";
			developmentRegion = English;
			hasScannedForEncodings = 0;
			knownRegions = (
				en,
				Base,
			);
			mainGroup = 029587421A24E1B400DAAD5F;
			productRefGroup = 0295874C1A24E1B400DAAD5F /* Products */;
			projectDirPath = "";
			projectRoot = "";
			targets = (
				0295874A1A24E1B400DAAD5F /* Astrometry */,
				029587631A24E1B400DAAD5F /* AstrometryTests */,
			);
		};
/* End PBXProject section */

/* Begin PBXResourcesBuildPhase section */
		029587491A24E1B400DAAD5F /* Resources */ = {
			isa = PBXResourcesBuildPhase;
			buildActionMask = 2147483647;
			files = (
				02E504681A26113C0070E381 /* AMDefaultListItemViewController.xib in Resources */,
				02184B6D1A27C54E0046B723 /* AMMapGridLayerTableCell.xib in Resources */,
				029587BC1A24E47A00DAAD5F /* OmCenFORS.xml in Resources */,
				029587D41A25D74000DAAD5F /* AMCoordinateRulesLayerTableCell.xib in Resources */,
				0295875A1A24E1B400DAAD5F /* AMDocument.xib in Resources */,
				02E504631A25F2670070E381 /* ABRulersLayer.png in Resources */,
				0295875C1A24E1B400DAAD5F /* Images.xcassets in Resources */,
				0295875F1A24E1B400DAAD5F /* MainMenu.xib in Resources */,
				02E504701A2639440070E381 /* AMAstrometricPlotItem.png in Resources */,
				02184B6F1A27D0FA0046B723 /* ABGridLayer.png in Resources */,
				02E5046E1A262D290070E381 /* AMAstrometricMapTableCell.xib in Resources */,
			);
			runOnlyForDeploymentPostprocessing = 0;
		};
		029587621A24E1B400DAAD5F /* Resources */ = {
			isa = PBXResourcesBuildPhase;
			buildActionMask = 2147483647;
			files = (
			);
			runOnlyForDeploymentPostprocessing = 0;
		};
/* End PBXResourcesBuildPhase section */

/* Begin PBXSourcesBuildPhase section */
		029587471A24E1B400DAAD5F /* Sources */ = {
			isa = PBXSourcesBuildPhase;
			buildActionMask = 2147483647;
			files = (
				029587C71A24F39C00DAAD5F /* AMPlot.m in Sources */,
				0295878E1A24E33C00DAAD5F /* AMMeasure.m in Sources */,
				029587B91A24E3BA00DAAD5F /* AMCalculator.m in Sources */,
				029587B21A24E3A200DAAD5F /* AMScalarQuantitySearchDescriptor.m in Sources */,
				029587AA1A24E38B00DAAD5F /* AMScalarQuantityIndex.m in Sources */,
				029587571A24E1B400DAAD5F /* AMDocument.m in Sources */,
				02E5047A1A2679280070E381 /* AMEquirectangularMapProjection.m in Sources */,
				0295879B1A24E35B00DAAD5F /* AMCatalogueReader.m in Sources */,
				029587901A24E33C00DAAD5F /* AMScalarMeasure.m in Sources */,
				029587C11A24F05000DAAD5F /* AMLayer.m in Sources */,
				029587A91A24E38B00DAAD5F /* AMScalarIndexEntry.m in Sources */,
				02E504731A263BF30070E381 /* AMListView.m in Sources */,
				029587D11A25C02100DAAD5F /* AMListDatasource.m in Sources */,
				029587A71A24E38B00DAAD5F /* AMCatalogueIndexEntry.m in Sources */,
				029587931A24E33C00DAAD5F /* AMTypes.m in Sources */,
				0295878D1A24E33C00DAAD5F /* AMCoordinateSystem.m in Sources */,
				02E5046C1A2618090070E381 /* AMListItemController.m in Sources */,
				029587B31A24E3A200DAAD5F /* AMSearchDescriptor.m in Sources */,
				029587911A24E33C00DAAD5F /* AMScalarQuantity.m in Sources */,
				029587951A24E33C00DAAD5F /* AMVectorQuantity.m in Sources */,
				029587A61A24E38B00DAAD5F /* AMCatalogueIndex.m in Sources */,
				029587921A24E33C00DAAD5F /* AMSphericalCoordinates.m in Sources */,
				029587CD1A251D9400DAAD5F /* AMAstrometricMap.m in Sources */,
				0295878C1A24E33C00DAAD5F /* AMCelestialObject.m in Sources */,
				029587C41A24F16500DAAD5F /* AMPlotView.m in Sources */,
				0295879A1A24E35B00DAAD5F /* AMCatalogue.m in Sources */,
				029587BA1A24E3BA00DAAD5F /* AMColourIndexCalculator.m in Sources */,
				029587A81A24E38B00DAAD5F /* AMQuantityIndex.m in Sources */,
				029587541A24E1B400DAAD5F /* main.m in Sources */,
				029587941A24E33C00DAAD5F /* AMUnit.m in Sources */,
				02184B6B1A27C4640046B723 /* AMMapGridLayer.m in Sources */,
				029587B11A24E3A200DAAD5F /* AMCompoundSearchDescriptor.m in Sources */,
				029587521A24E1B400DAAD5F /* AMAppDelegate.m in Sources */,
				0295878F1A24E33C00DAAD5F /* AMQuantity.m in Sources */,
				02E504771A2678E80070E381 /* AMMapProjection.m in Sources */,
			);
			runOnlyForDeploymentPostprocessing = 0;
		};
		029587601A24E1B400DAAD5F /* Sources */ = {
			isa = PBXSourcesBuildPhase;
			buildActionMask = 2147483647;
			files = (
				0295876B1A24E1B400DAAD5F /* AstrometryTests.m in Sources */,
			);
			runOnlyForDeploymentPostprocessing = 0;
		};
/* End PBXSourcesBuildPhase section */

/* Begin PBXTargetDependency section */
		029587661A24E1B400DAAD5F /* PBXTargetDependency */ = {
			isa = PBXTargetDependency;
			target = 0295874A1A24E1B400DAAD5F /* Astrometry */;
			targetProxy = 029587651A24E1B400DAAD5F /* PBXContainerItemProxy */;
		};
/* End PBXTargetDependency section */

/* Begin PBXVariantGroup section */
		029587581A24E1B400DAAD5F /* AMDocument.xib */ = {
			isa = PBXVariantGroup;
			children = (
				029587591A24E1B400DAAD5F /* Base */,
			);
			name = AMDocument.xib;
			sourceTree = "<group>";
		};
		0295875D1A24E1B400DAAD5F /* MainMenu.xib */ = {
			isa = PBXVariantGroup;
			children = (
				0295875E1A24E1B400DAAD5F /* Base */,
			);
			name = MainMenu.xib;
			sourceTree = "<group>";
		};
/* End PBXVariantGroup section */

/* Begin XCBuildConfiguration section */
		0295876C1A24E1B400DAAD5F /* Debug */ = {
			isa = XCBuildConfiguration;
			buildSettings = {
				ALWAYS_SEARCH_USER_PATHS = NO;
				CLANG_CXX_LANGUAGE_STANDARD = "gnu++0x";
				CLANG_CXX_LIBRARY = "libc++";
				CLANG_ENABLE_MODULES = YES;
				CLANG_ENABLE_OBJC_ARC = YES;
				CLANG_WARN_BOOL_CONVERSION = YES;
				CLANG_WARN_CONSTANT_CONVERSION = YES;
				CLANG_WARN_DIRECT_OBJC_ISA_USAGE = YES_ERROR;
				CLANG_WARN_EMPTY_BODY = YES;
				CLANG_WARN_ENUM_CONVERSION = YES;
				CLANG_WARN_INT_CONVERSION = YES;
				CLANG_WARN_OBJC_ROOT_CLASS = YES_ERROR;
				CLANG_WARN_UNREACHABLE_CODE = YES;
				CLANG_WARN__DUPLICATE_METHOD_MATCH = YES;
				CODE_SIGN_IDENTITY = "-";
				COPY_PHASE_STRIP = NO;
				ENABLE_STRICT_OBJC_MSGSEND = YES;
				GCC_C_LANGUAGE_STANDARD = gnu99;
				GCC_DYNAMIC_NO_PIC = NO;
				GCC_OPTIMIZATION_LEVEL = 0;
				GCC_PREPROCESSOR_DEFINITIONS = (
					"DEBUG=1",
					"$(inherited)",
				);
				GCC_SYMBOLS_PRIVATE_EXTERN = NO;
				GCC_WARN_64_TO_32_BIT_CONVERSION = YES;
				GCC_WARN_ABOUT_RETURN_TYPE = YES_ERROR;
				GCC_WARN_UNDECLARED_SELECTOR = YES;
				GCC_WARN_UNINITIALIZED_AUTOS = YES_AGGRESSIVE;
				GCC_WARN_UNUSED_FUNCTION = YES;
				GCC_WARN_UNUSED_VARIABLE = YES;
				MACOSX_DEPLOYMENT_TARGET = 10.10;
				MTL_ENABLE_DEBUG_INFO = YES;
				ONLY_ACTIVE_ARCH = YES;
				SDKROOT = macosx;
			};
			name = Debug;
		};
		0295876D1A24E1B400DAAD5F /* Release */ = {
			isa = XCBuildConfiguration;
			buildSettings = {
				ALWAYS_SEARCH_USER_PATHS = NO;
				CLANG_CXX_LANGUAGE_STANDARD = "gnu++0x";
				CLANG_CXX_LIBRARY = "libc++";
				CLANG_ENABLE_MODULES = YES;
				CLANG_ENABLE_OBJC_ARC = YES;
				CLANG_WARN_BOOL_CONVERSION = YES;
				CLANG_WARN_CONSTANT_CONVERSION = YES;
				CLANG_WARN_DIRECT_OBJC_ISA_USAGE = YES_ERROR;
				CLANG_WARN_EMPTY_BODY = YES;
				CLANG_WARN_ENUM_CONVERSION = YES;
				CLANG_WARN_INT_CONVERSION = YES;
				CLANG_WARN_OBJC_ROOT_CLASS = YES_ERROR;
				CLANG_WARN_UNREACHABLE_CODE = YES;
				CLANG_WARN__DUPLICATE_METHOD_MATCH = YES;
				CODE_SIGN_IDENTITY = "-";
				COPY_PHASE_STRIP = YES;
				DEBUG_INFORMATION_FORMAT = "dwarf-with-dsym";
				ENABLE_NS_ASSERTIONS = NO;
				ENABLE_STRICT_OBJC_MSGSEND = YES;
				GCC_C_LANGUAGE_STANDARD = gnu99;
				GCC_WARN_64_TO_32_BIT_CONVERSION = YES;
				GCC_WARN_ABOUT_RETURN_TYPE = YES_ERROR;
				GCC_WARN_UNDECLARED_SELECTOR = YES;
				GCC_WARN_UNINITIALIZED_AUTOS = YES_AGGRESSIVE;
				GCC_WARN_UNUSED_FUNCTION = YES;
				GCC_WARN_UNUSED_VARIABLE = YES;
				MACOSX_DEPLOYMENT_TARGET = 10.10;
				MTL_ENABLE_DEBUG_INFO = NO;
				SDKROOT = macosx;
			};
			name = Release;
		};
		0295876F1A24E1B400DAAD5F /* Debug */ = {
			isa = XCBuildConfiguration;
			buildSettings = {
				ASSETCATALOG_COMPILER_APPICON_NAME = AppIcon;
				COMBINE_HIDPI_IMAGES = YES;
				INFOPLIST_FILE = Astrometry/Info.plist;
				LD_RUNPATH_SEARCH_PATHS = "$(inherited) @executable_path/../Frameworks";
				PRODUCT_NAME = "$(TARGET_NAME)";
			};
			name = Debug;
		};
		029587701A24E1B400DAAD5F /* Release */ = {
			isa = XCBuildConfiguration;
			buildSettings = {
				ASSETCATALOG_COMPILER_APPICON_NAME = AppIcon;
				COMBINE_HIDPI_IMAGES = YES;
				INFOPLIST_FILE = Astrometry/Info.plist;
				LD_RUNPATH_SEARCH_PATHS = "$(inherited) @executable_path/../Frameworks";
				PRODUCT_NAME = "$(TARGET_NAME)";
			};
			name = Release;
		};
		029587721A24E1B400DAAD5F /* Debug */ = {
			isa = XCBuildConfiguration;
			buildSettings = {
				BUNDLE_LOADER = "$(TEST_HOST)";
				COMBINE_HIDPI_IMAGES = YES;
				FRAMEWORK_SEARCH_PATHS = (
					"$(DEVELOPER_FRAMEWORKS_DIR)",
					"$(inherited)",
				);
				GCC_PREPROCESSOR_DEFINITIONS = (
					"DEBUG=1",
					"$(inherited)",
				);
				INFOPLIST_FILE = AstrometryTests/Info.plist;
				LD_RUNPATH_SEARCH_PATHS = "$(inherited) @executable_path/../Frameworks @loader_path/../Frameworks";
				PRODUCT_NAME = "$(TARGET_NAME)";
				TEST_HOST = "$(BUILT_PRODUCTS_DIR)/Astrometry.app/Contents/MacOS/Astrometry";
			};
			name = Debug;
		};
		029587731A24E1B400DAAD5F /* Release */ = {
			isa = XCBuildConfiguration;
			buildSettings = {
				BUNDLE_LOADER = "$(TEST_HOST)";
				COMBINE_HIDPI_IMAGES = YES;
				FRAMEWORK_SEARCH_PATHS = (
					"$(DEVELOPER_FRAMEWORKS_DIR)",
					"$(inherited)",
				);
				INFOPLIST_FILE = AstrometryTests/Info.plist;
				LD_RUNPATH_SEARCH_PATHS = "$(inherited) @executable_path/../Frameworks @loader_path/../Frameworks";
				PRODUCT_NAME = "$(TARGET_NAME)";
				TEST_HOST = "$(BUILT_PRODUCTS_DIR)/Astrometry.app/Contents/MacOS/Astrometry";
			};
			name = Release;
		};
/* End XCBuildConfiguration section */

/* Begin XCConfigurationList section */
		029587461A24E1B400DAAD5F /* Build configuration list for PBXProject "Astrometry" */ = {
			isa = XCConfigurationList;
			buildConfigurations = (
				0295876C1A24E1B400DAAD5F /* Debug */,
				0295876D1A24E1B400DAAD5F /* Release */,
			);
			defaultConfigurationIsVisible = 0;
			defaultConfigurationName = Release;
		};
		0295876E1A24E1B400DAAD5F /* Build configuration list for PBXNativeTarget "Astrometry" */ = {
			isa = XCConfigurationList;
			buildConfigurations = (
				0295876F1A24E1B400DAAD5F /* Debug */,
				029587701A24E1B400DAAD5F /* Release */,
			);
			defaultConfigurationIsVisible = 0;
			defaultConfigurationName = Release;
		};
		029587711A24E1B400DAAD5F /* Build configuration list for PBXNativeTarget "AstrometryTests" */ = {
			isa = XCConfigurationList;
			buildConfigurations = (
				029587721A24E1B400DAAD5F /* Debug */,
				029587731A24E1B400DAAD5F /* Release */,
			);
			defaultConfigurationIsVisible = 0;
			defaultConfigurationName = Release;
		};
/* End XCConfigurationList section */
	};
	rootObject = 029587431A24E1B400DAAD5F /* Project object */;
}
