// !$*UTF8*$!
{
	archiveVersion = 1;
	classes = {
	};
	objectVersion = 46;
	objects = {

/* Begin PBXBuildFile section */
		020466751A249ACE004974D0 /* AMCalculator.m in Sources */ = {isa = PBXBuildFile; fileRef = 020466741A249ACE004974D0 /* AMCalculator.m */; };
		020466781A249AE6004974D0 /* AMColourIndexCalculator.m in Sources */ = {isa = PBXBuildFile; fileRef = 020466771A249AE6004974D0 /* AMColourIndexCalculator.m */; };
		0244E45F1A1E182A000242D3 /* AMAppDelegate.m in Sources */ = {isa = PBXBuildFile; fileRef = 0244E45E1A1E182A000242D3 /* AMAppDelegate.m */; };
		0244E4611A1E182A000242D3 /* main.m in Sources */ = {isa = PBXBuildFile; fileRef = 0244E4601A1E182A000242D3 /* main.m */; };
		0244E4631A1E182A000242D3 /* Images.xcassets in Resources */ = {isa = PBXBuildFile; fileRef = 0244E4621A1E182A000242D3 /* Images.xcassets */; };
		0244E4661A1E182A000242D3 /* MainMenu.xib in Resources */ = {isa = PBXBuildFile; fileRef = 0244E4641A1E182A000242D3 /* MainMenu.xib */; };
		0244E4721A1E182A000242D3 /* AstrometryTests.m in Sources */ = {isa = PBXBuildFile; fileRef = 0244E4711A1E182A000242D3 /* AstrometryTests.m */; };
		0244E4821A20C4F9000242D3 /* OmCenFORS.xml in Resources */ = {isa = PBXBuildFile; fileRef = 0244E4811A20C4F9000242D3 /* OmCenFORS.xml */; };
		0244E4861A20CC18000242D3 /* AMCatalogueReader.m in Sources */ = {isa = PBXBuildFile; fileRef = 0244E4851A20CC18000242D3 /* AMCatalogueReader.m */; };
		0244E4891A20CC87000242D3 /* AMCatalogue.m in Sources */ = {isa = PBXBuildFile; fileRef = 0244E4881A20CC87000242D3 /* AMCatalogue.m */; };
		0244E4921A221BA9000242D3 /* AMUnit.m in Sources */ = {isa = PBXBuildFile; fileRef = 0244E4911A221BA9000242D3 /* AMUnit.m */; };
		0244E4951A221BBB000242D3 /* AMQuantity.m in Sources */ = {isa = PBXBuildFile; fileRef = 0244E4941A221BBB000242D3 /* AMQuantity.m */; };
		0244E4981A221BDC000242D3 /* AMMeasure.m in Sources */ = {isa = PBXBuildFile; fileRef = 0244E4971A221BDC000242D3 /* AMMeasure.m */; };
		0244E49B1A221C44000242D3 /* AMSphericalCoordinates.m in Sources */ = {isa = PBXBuildFile; fileRef = 0244E49A1A221C44000242D3 /* AMSphericalCoordinates.m */; };
		0244E49E1A221C5F000242D3 /* AMCelestialObject.m in Sources */ = {isa = PBXBuildFile; fileRef = 0244E49D1A221C5F000242D3 /* AMCelestialObject.m */; };
		0244E4A11A221E45000242D3 /* AMCoordinateSystem.m in Sources */ = {isa = PBXBuildFile; fileRef = 0244E4A01A221E45000242D3 /* AMCoordinateSystem.m */; };
		0244E4A41A22206B000242D3 /* AMScalarMeasure.m in Sources */ = {isa = PBXBuildFile; fileRef = 0244E4A31A22206B000242D3 /* AMScalarMeasure.m */; };
		0244E4A61A2260F7000242D3 /* AMTypes.m in Sources */ = {isa = PBXBuildFile; fileRef = 0244E4A51A2260F7000242D3 /* AMTypes.m */; };
		0244E4A91A226B64000242D3 /* AMScalarQuantity.m in Sources */ = {isa = PBXBuildFile; fileRef = 0244E4A81A226B64000242D3 /* AMScalarQuantity.m */; };
		0244E4AC1A226C01000242D3 /* AMVectorQuantity.m in Sources */ = {isa = PBXBuildFile; fileRef = 0244E4AB1A226C01000242D3 /* AMVectorQuantity.m */; };
		0244E4AF1A23526B000242D3 /* AMCatalogueIndex.m in Sources */ = {isa = PBXBuildFile; fileRef = 0244E4AE1A23526B000242D3 /* AMCatalogueIndex.m */; };
		0244E4B21A23528E000242D3 /* AMScalarIndexEntry.m in Sources */ = {isa = PBXBuildFile; fileRef = 0244E4B11A23528E000242D3 /* AMScalarIndexEntry.m */; };
		0244E4B51A235352000242D3 /* AMQuantityIndex.m in Sources */ = {isa = PBXBuildFile; fileRef = 0244E4B41A235352000242D3 /* AMQuantityIndex.m */; };
		0244E4B81A23537B000242D3 /* AMScalarQuantityIndex.m in Sources */ = {isa = PBXBuildFile; fileRef = 0244E4B71A23537B000242D3 /* AMScalarQuantityIndex.m */; };
		0244E4BB1A235772000242D3 /* AMCatalogueIndexEntry.m in Sources */ = {isa = PBXBuildFile; fileRef = 0244E4BA1A235772000242D3 /* AMCatalogueIndexEntry.m */; };
		0244E4BE1A23D049000242D3 /* AMSearchDescriptor.m in Sources */ = {isa = PBXBuildFile; fileRef = 0244E4BD1A23D049000242D3 /* AMSearchDescriptor.m */; };
		0244E4C11A23D14C000242D3 /* AMScalarQuantitySearchDescriptor.m in Sources */ = {isa = PBXBuildFile; fileRef = 0244E4C01A23D14C000242D3 /* AMScalarQuantitySearchDescriptor.m */; };
		0244E4C61A23D310000242D3 /* AMCompoundSearchDescriptor.m in Sources */ = {isa = PBXBuildFile; fileRef = 0244E4C51A23D310000242D3 /* AMCompoundSearchDescriptor.m */; };
/* End PBXBuildFile section */

/* Begin PBXContainerItemProxy section */
		0244E46C1A1E182A000242D3 /* PBXContainerItemProxy */ = {
			isa = PBXContainerItemProxy;
			containerPortal = 0244E4501A1E182A000242D3 /* Project object */;
			proxyType = 1;
			remoteGlobalIDString = 0244E4571A1E182A000242D3;
			remoteInfo = Astrometry;
		};
/* End PBXContainerItemProxy section */

/* Begin PBXFileReference section */
		020466731A249ACE004974D0 /* AMCalculator.h */ = {isa = PBXFileReference; fileEncoding = 4; lastKnownFileType = sourcecode.c.h; path = AMCalculator.h; sourceTree = "<group>"; };
		020466741A249ACE004974D0 /* AMCalculator.m */ = {isa = PBXFileReference; fileEncoding = 4; lastKnownFileType = sourcecode.c.objc; path = AMCalculator.m; sourceTree = "<group>"; };
		020466761A249AE6004974D0 /* AMColourIndexCalculator.h */ = {isa = PBXFileReference; fileEncoding = 4; lastKnownFileType = sourcecode.c.h; path = AMColourIndexCalculator.h; sourceTree = "<group>"; };
		020466771A249AE6004974D0 /* AMColourIndexCalculator.m */ = {isa = PBXFileReference; fileEncoding = 4; lastKnownFileType = sourcecode.c.objc; path = AMColourIndexCalculator.m; sourceTree = "<group>"; };
		0244E4581A1E182A000242D3 /* Astrometry.app */ = {isa = PBXFileReference; explicitFileType = wrapper.application; includeInIndex = 0; path = Astrometry.app; sourceTree = BUILT_PRODUCTS_DIR; };
		0244E45C1A1E182A000242D3 /* Info.plist */ = {isa = PBXFileReference; lastKnownFileType = text.plist.xml; path = Info.plist; sourceTree = "<group>"; };
		0244E45D1A1E182A000242D3 /* AMAppDelegate.h */ = {isa = PBXFileReference; lastKnownFileType = sourcecode.c.h; path = AMAppDelegate.h; sourceTree = "<group>"; };
		0244E45E1A1E182A000242D3 /* AMAppDelegate.m */ = {isa = PBXFileReference; lastKnownFileType = sourcecode.c.objc; path = AMAppDelegate.m; sourceTree = "<group>"; };
		0244E4601A1E182A000242D3 /* main.m */ = {isa = PBXFileReference; lastKnownFileType = sourcecode.c.objc; path = main.m; sourceTree = "<group>"; };
		0244E4621A1E182A000242D3 /* Images.xcassets */ = {isa = PBXFileReference; lastKnownFileType = folder.assetcatalog; path = Images.xcassets; sourceTree = "<group>"; };
		0244E4651A1E182A000242D3 /* Base */ = {isa = PBXFileReference; lastKnownFileType = file.xib; name = Base; path = Base.lproj/MainMenu.xib; sourceTree = "<group>"; };
		0244E46B1A1E182A000242D3 /* AstrometryTests.xctest */ = {isa = PBXFileReference; explicitFileType = wrapper.cfbundle; includeInIndex = 0; path = AstrometryTests.xctest; sourceTree = BUILT_PRODUCTS_DIR; };
		0244E4701A1E182A000242D3 /* Info.plist */ = {isa = PBXFileReference; lastKnownFileType = text.plist.xml; path = Info.plist; sourceTree = "<group>"; };
		0244E4711A1E182A000242D3 /* AstrometryTests.m */ = {isa = PBXFileReference; lastKnownFileType = sourcecode.c.objc; path = AstrometryTests.m; sourceTree = "<group>"; };
		0244E47C1A1E1EBE000242D3 /* AMTypes.h */ = {isa = PBXFileReference; fileEncoding = 4; lastKnownFileType = sourcecode.c.h; path = AMTypes.h; sourceTree = "<group>"; };
		0244E4811A20C4F9000242D3 /* OmCenFORS.xml */ = {isa = PBXFileReference; fileEncoding = 4; lastKnownFileType = text.xml; path = OmCenFORS.xml; sourceTree = "<group>"; };
		0244E4841A20CC18000242D3 /* AMCatalogueReader.h */ = {isa = PBXFileReference; fileEncoding = 4; lastKnownFileType = sourcecode.c.h; path = AMCatalogueReader.h; sourceTree = "<group>"; };
		0244E4851A20CC18000242D3 /* AMCatalogueReader.m */ = {isa = PBXFileReference; fileEncoding = 4; lastKnownFileType = sourcecode.c.objc; path = AMCatalogueReader.m; sourceTree = "<group>"; };
		0244E4871A20CC87000242D3 /* AMCatalogue.h */ = {isa = PBXFileReference; fileEncoding = 4; lastKnownFileType = sourcecode.c.h; path = AMCatalogue.h; sourceTree = "<group>"; };
		0244E4881A20CC87000242D3 /* AMCatalogue.m */ = {isa = PBXFileReference; fileEncoding = 4; lastKnownFileType = sourcecode.c.objc; path = AMCatalogue.m; sourceTree = "<group>"; };
		0244E4901A221BA9000242D3 /* AMUnit.h */ = {isa = PBXFileReference; fileEncoding = 4; lastKnownFileType = sourcecode.c.h; path = AMUnit.h; sourceTree = "<group>"; };
		0244E4911A221BA9000242D3 /* AMUnit.m */ = {isa = PBXFileReference; fileEncoding = 4; lastKnownFileType = sourcecode.c.objc; path = AMUnit.m; sourceTree = "<group>"; };
		0244E4931A221BBB000242D3 /* AMQuantity.h */ = {isa = PBXFileReference; fileEncoding = 4; lastKnownFileType = sourcecode.c.h; path = AMQuantity.h; sourceTree = "<group>"; };
		0244E4941A221BBB000242D3 /* AMQuantity.m */ = {isa = PBXFileReference; fileEncoding = 4; lastKnownFileType = sourcecode.c.objc; path = AMQuantity.m; sourceTree = "<group>"; };
		0244E4961A221BDC000242D3 /* AMMeasure.h */ = {isa = PBXFileReference; fileEncoding = 4; lastKnownFileType = sourcecode.c.h; path = AMMeasure.h; sourceTree = "<group>"; };
		0244E4971A221BDC000242D3 /* AMMeasure.m */ = {isa = PBXFileReference; fileEncoding = 4; lastKnownFileType = sourcecode.c.objc; path = AMMeasure.m; sourceTree = "<group>"; };
		0244E4991A221C44000242D3 /* AMSphericalCoordinates.h */ = {isa = PBXFileReference; fileEncoding = 4; lastKnownFileType = sourcecode.c.h; path = AMSphericalCoordinates.h; sourceTree = "<group>"; };
		0244E49A1A221C44000242D3 /* AMSphericalCoordinates.m */ = {isa = PBXFileReference; fileEncoding = 4; lastKnownFileType = sourcecode.c.objc; path = AMSphericalCoordinates.m; sourceTree = "<group>"; };
		0244E49C1A221C5F000242D3 /* AMCelestialObject.h */ = {isa = PBXFileReference; fileEncoding = 4; lastKnownFileType = sourcecode.c.h; path = AMCelestialObject.h; sourceTree = "<group>"; };
		0244E49D1A221C5F000242D3 /* AMCelestialObject.m */ = {isa = PBXFileReference; fileEncoding = 4; lastKnownFileType = sourcecode.c.objc; path = AMCelestialObject.m; sourceTree = "<group>"; };
		0244E49F1A221E45000242D3 /* AMCoordinateSystem.h */ = {isa = PBXFileReference; fileEncoding = 4; lastKnownFileType = sourcecode.c.h; path = AMCoordinateSystem.h; sourceTree = "<group>"; };
		0244E4A01A221E45000242D3 /* AMCoordinateSystem.m */ = {isa = PBXFileReference; fileEncoding = 4; lastKnownFileType = sourcecode.c.objc; path = AMCoordinateSystem.m; sourceTree = "<group>"; };
		0244E4A21A22206B000242D3 /* AMScalarMeasure.h */ = {isa = PBXFileReference; fileEncoding = 4; lastKnownFileType = sourcecode.c.h; path = AMScalarMeasure.h; sourceTree = "<group>"; };
		0244E4A31A22206B000242D3 /* AMScalarMeasure.m */ = {isa = PBXFileReference; fileEncoding = 4; lastKnownFileType = sourcecode.c.objc; path = AMScalarMeasure.m; sourceTree = "<group>"; };
		0244E4A51A2260F7000242D3 /* AMTypes.m */ = {isa = PBXFileReference; fileEncoding = 4; lastKnownFileType = sourcecode.c.objc; path = AMTypes.m; sourceTree = "<group>"; };
		0244E4A71A226B64000242D3 /* AMScalarQuantity.h */ = {isa = PBXFileReference; fileEncoding = 4; lastKnownFileType = sourcecode.c.h; path = AMScalarQuantity.h; sourceTree = "<group>"; };
		0244E4A81A226B64000242D3 /* AMScalarQuantity.m */ = {isa = PBXFileReference; fileEncoding = 4; lastKnownFileType = sourcecode.c.objc; path = AMScalarQuantity.m; sourceTree = "<group>"; };
		0244E4AA1A226C01000242D3 /* AMVectorQuantity.h */ = {isa = PBXFileReference; fileEncoding = 4; lastKnownFileType = sourcecode.c.h; path = AMVectorQuantity.h; sourceTree = "<group>"; };
		0244E4AB1A226C01000242D3 /* AMVectorQuantity.m */ = {isa = PBXFileReference; fileEncoding = 4; lastKnownFileType = sourcecode.c.objc; path = AMVectorQuantity.m; sourceTree = "<group>"; };
		0244E4AD1A23526B000242D3 /* AMCatalogueIndex.h */ = {isa = PBXFileReference; fileEncoding = 4; lastKnownFileType = sourcecode.c.h; path = AMCatalogueIndex.h; sourceTree = "<group>"; };
		0244E4AE1A23526B000242D3 /* AMCatalogueIndex.m */ = {isa = PBXFileReference; fileEncoding = 4; lastKnownFileType = sourcecode.c.objc; path = AMCatalogueIndex.m; sourceTree = "<group>"; };
		0244E4B01A23528E000242D3 /* AMScalarIndexEntry.h */ = {isa = PBXFileReference; fileEncoding = 4; lastKnownFileType = sourcecode.c.h; path = AMScalarIndexEntry.h; sourceTree = "<group>"; };
		0244E4B11A23528E000242D3 /* AMScalarIndexEntry.m */ = {isa = PBXFileReference; fileEncoding = 4; lastKnownFileType = sourcecode.c.objc; path = AMScalarIndexEntry.m; sourceTree = "<group>"; };
		0244E4B31A235352000242D3 /* AMQuantityIndex.h */ = {isa = PBXFileReference; fileEncoding = 4; lastKnownFileType = sourcecode.c.h; path = AMQuantityIndex.h; sourceTree = "<group>"; };
		0244E4B41A235352000242D3 /* AMQuantityIndex.m */ = {isa = PBXFileReference; fileEncoding = 4; lastKnownFileType = sourcecode.c.objc; path = AMQuantityIndex.m; sourceTree = "<group>"; };
		0244E4B61A23537B000242D3 /* AMScalarQuantityIndex.h */ = {isa = PBXFileReference; fileEncoding = 4; lastKnownFileType = sourcecode.c.h; path = AMScalarQuantityIndex.h; sourceTree = "<group>"; };
		0244E4B71A23537B000242D3 /* AMScalarQuantityIndex.m */ = {isa = PBXFileReference; fileEncoding = 4; lastKnownFileType = sourcecode.c.objc; path = AMScalarQuantityIndex.m; sourceTree = "<group>"; };
		0244E4B91A235772000242D3 /* AMCatalogueIndexEntry.h */ = {isa = PBXFileReference; fileEncoding = 4; lastKnownFileType = sourcecode.c.h; path = AMCatalogueIndexEntry.h; sourceTree = "<group>"; };
		0244E4BA1A235772000242D3 /* AMCatalogueIndexEntry.m */ = {isa = PBXFileReference; fileEncoding = 4; lastKnownFileType = sourcecode.c.objc; path = AMCatalogueIndexEntry.m; sourceTree = "<group>"; };
		0244E4BC1A23D049000242D3 /* AMSearchDescriptor.h */ = {isa = PBXFileReference; fileEncoding = 4; lastKnownFileType = sourcecode.c.h; path = AMSearchDescriptor.h; sourceTree = "<group>"; };
		0244E4BD1A23D049000242D3 /* AMSearchDescriptor.m */ = {isa = PBXFileReference; fileEncoding = 4; lastKnownFileType = sourcecode.c.objc; path = AMSearchDescriptor.m; sourceTree = "<group>"; };
		0244E4BF1A23D14C000242D3 /* AMScalarQuantitySearchDescriptor.h */ = {isa = PBXFileReference; fileEncoding = 4; lastKnownFileType = sourcecode.c.h; path = AMScalarQuantitySearchDescriptor.h; sourceTree = "<group>"; };
		0244E4C01A23D14C000242D3 /* AMScalarQuantitySearchDescriptor.m */ = {isa = PBXFileReference; fileEncoding = 4; lastKnownFileType = sourcecode.c.objc; path = AMScalarQuantitySearchDescriptor.m; sourceTree = "<group>"; };
		0244E4C41A23D310000242D3 /* AMCompoundSearchDescriptor.h */ = {isa = PBXFileReference; fileEncoding = 4; lastKnownFileType = sourcecode.c.h; path = AMCompoundSearchDescriptor.h; sourceTree = "<group>"; };
		0244E4C51A23D310000242D3 /* AMCompoundSearchDescriptor.m */ = {isa = PBXFileReference; fileEncoding = 4; lastKnownFileType = sourcecode.c.objc; path = AMCompoundSearchDescriptor.m; sourceTree = "<group>"; };
/* End PBXFileReference section */

/* Begin PBXFrameworksBuildPhase section */
		0244E4551A1E182A000242D3 /* Frameworks */ = {
			isa = PBXFrameworksBuildPhase;
			buildActionMask = 2147483647;
			files = (
			);
			runOnlyForDeploymentPostprocessing = 0;
		};
		0244E4681A1E182A000242D3 /* Frameworks */ = {
			isa = PBXFrameworksBuildPhase;
			buildActionMask = 2147483647;
			files = (
			);
			runOnlyForDeploymentPostprocessing = 0;
		};
/* End PBXFrameworksBuildPhase section */

/* Begin PBXGroup section */
		020466721A249AB3004974D0 /* Calculators */ = {
			isa = PBXGroup;
			children = (
				020466731A249ACE004974D0 /* AMCalculator.h */,
				020466741A249ACE004974D0 /* AMCalculator.m */,
				020466761A249AE6004974D0 /* AMColourIndexCalculator.h */,
				020466771A249AE6004974D0 /* AMColourIndexCalculator.m */,
			);
			name = Calculators;
			sourceTree = "<group>";
		};
		0244E44F1A1E182A000242D3 = {
			isa = PBXGroup;
			children = (
				0244E45A1A1E182A000242D3 /* Astrometry */,
				0244E46E1A1E182A000242D3 /* AstrometryTests */,
				0244E4591A1E182A000242D3 /* Products */,
			);
			sourceTree = "<group>";
		};
		0244E4591A1E182A000242D3 /* Products */ = {
			isa = PBXGroup;
			children = (
				0244E4581A1E182A000242D3 /* Astrometry.app */,
				0244E46B1A1E182A000242D3 /* AstrometryTests.xctest */,
			);
			name = Products;
			sourceTree = "<group>";
		};
		0244E45A1A1E182A000242D3 /* Astrometry */ = {
			isa = PBXGroup;
			children = (
				0244E4801A20C4A7000242D3 /* Catalogues */,
				0244E4831A20CBED000242D3 /* Catalogue */,
				0244E47B1A1E1E89000242D3 /* Model */,
				0244E45D1A1E182A000242D3 /* AMAppDelegate.h */,
				0244E45E1A1E182A000242D3 /* AMAppDelegate.m */,
				0244E4621A1E182A000242D3 /* Images.xcassets */,
				0244E4641A1E182A000242D3 /* MainMenu.xib */,
				0244E45B1A1E182A000242D3 /* Supporting Files */,
			);
			path = Astrometry;
			sourceTree = "<group>";
		};
		0244E45B1A1E182A000242D3 /* Supporting Files */ = {
			isa = PBXGroup;
			children = (
				0244E45C1A1E182A000242D3 /* Info.plist */,
				0244E4601A1E182A000242D3 /* main.m */,
			);
			name = "Supporting Files";
			sourceTree = "<group>";
		};
		0244E46E1A1E182A000242D3 /* AstrometryTests */ = {
			isa = PBXGroup;
			children = (
				0244E4711A1E182A000242D3 /* AstrometryTests.m */,
				0244E46F1A1E182A000242D3 /* Supporting Files */,
			);
			path = AstrometryTests;
			sourceTree = "<group>";
		};
		0244E46F1A1E182A000242D3 /* Supporting Files */ = {
			isa = PBXGroup;
			children = (
				0244E4701A1E182A000242D3 /* Info.plist */,
			);
			name = "Supporting Files";
			sourceTree = "<group>";
		};
		0244E47B1A1E1E89000242D3 /* Model */ = {
			isa = PBXGroup;
			children = (
				0244E47C1A1E1EBE000242D3 /* AMTypes.h */,
				0244E4A51A2260F7000242D3 /* AMTypes.m */,
				0244E4901A221BA9000242D3 /* AMUnit.h */,
				0244E4911A221BA9000242D3 /* AMUnit.m */,
				0244E4931A221BBB000242D3 /* AMQuantity.h */,
				0244E4941A221BBB000242D3 /* AMQuantity.m */,
				0244E4A71A226B64000242D3 /* AMScalarQuantity.h */,
				0244E4A81A226B64000242D3 /* AMScalarQuantity.m */,
				0244E4961A221BDC000242D3 /* AMMeasure.h */,
				0244E4AA1A226C01000242D3 /* AMVectorQuantity.h */,
				0244E4AB1A226C01000242D3 /* AMVectorQuantity.m */,
				0244E4971A221BDC000242D3 /* AMMeasure.m */,
				0244E4A21A22206B000242D3 /* AMScalarMeasure.h */,
				0244E4A31A22206B000242D3 /* AMScalarMeasure.m */,
				0244E49F1A221E45000242D3 /* AMCoordinateSystem.h */,
				0244E4A01A221E45000242D3 /* AMCoordinateSystem.m */,
				0244E4991A221C44000242D3 /* AMSphericalCoordinates.h */,
				0244E49A1A221C44000242D3 /* AMSphericalCoordinates.m */,
				0244E49C1A221C5F000242D3 /* AMCelestialObject.h */,
				0244E49D1A221C5F000242D3 /* AMCelestialObject.m */,
			);
			name = Model;
			sourceTree = "<group>";
		};
		0244E4801A20C4A7000242D3 /* Catalogues */ = {
			isa = PBXGroup;
			children = (
				0244E4811A20C4F9000242D3 /* OmCenFORS.xml */,
			);
			name = Catalogues;
			sourceTree = "<group>";
		};
		0244E4831A20CBED000242D3 /* Catalogue */ = {
			isa = PBXGroup;
			children = (
				0244E4C21A23D165000242D3 /* Index */,
				0244E4C31A23D176000242D3 /* Search */,
				020466721A249AB3004974D0 /* Calculators */,
				0244E4871A20CC87000242D3 /* AMCatalogue.h */,
				0244E4881A20CC87000242D3 /* AMCatalogue.m */,
				0244E4841A20CC18000242D3 /* AMCatalogueReader.h */,
				0244E4851A20CC18000242D3 /* AMCatalogueReader.m */,
			);
			name = Catalogue;
			sourceTree = "<group>";
		};
		0244E4C21A23D165000242D3 /* Index */ = {
			isa = PBXGroup;
			children = (
				0244E4AD1A23526B000242D3 /* AMCatalogueIndex.h */,
				0244E4AE1A23526B000242D3 /* AMCatalogueIndex.m */,
				0244E4B31A235352000242D3 /* AMQuantityIndex.h */,
				0244E4B41A235352000242D3 /* AMQuantityIndex.m */,
				0244E4B61A23537B000242D3 /* AMScalarQuantityIndex.h */,
				0244E4B71A23537B000242D3 /* AMScalarQuantityIndex.m */,
				0244E4B91A235772000242D3 /* AMCatalogueIndexEntry.h */,
				0244E4BA1A235772000242D3 /* AMCatalogueIndexEntry.m */,
				0244E4B01A23528E000242D3 /* AMScalarIndexEntry.h */,
				0244E4B11A23528E000242D3 /* AMScalarIndexEntry.m */,
			);
			name = Index;
			sourceTree = "<group>";
		};
		0244E4C31A23D176000242D3 /* Search */ = {
			isa = PBXGroup;
			children = (
				0244E4BC1A23D049000242D3 /* AMSearchDescriptor.h */,
				0244E4BD1A23D049000242D3 /* AMSearchDescriptor.m */,
				0244E4BF1A23D14C000242D3 /* AMScalarQuantitySearchDescriptor.h */,
				0244E4C01A23D14C000242D3 /* AMScalarQuantitySearchDescriptor.m */,
				0244E4C41A23D310000242D3 /* AMCompoundSearchDescriptor.h */,
				0244E4C51A23D310000242D3 /* AMCompoundSearchDescriptor.m */,
			);
			name = Search;
			sourceTree = "<group>";
		};
/* End PBXGroup section */

/* Begin PBXNativeTarget section */
		0244E4571A1E182A000242D3 /* Astrometry */ = {
			isa = PBXNativeTarget;
			buildConfigurationList = 0244E4751A1E182A000242D3 /* Build configuration list for PBXNativeTarget "Astrometry" */;
			buildPhases = (
				0244E4541A1E182A000242D3 /* Sources */,
				0244E4551A1E182A000242D3 /* Frameworks */,
				0244E4561A1E182A000242D3 /* Resources */,
			);
			buildRules = (
			);
			dependencies = (
			);
			name = Astrometry;
			productName = Astrometry;
			productReference = 0244E4581A1E182A000242D3 /* Astrometry.app */;
			productType = "com.apple.product-type.application";
		};
		0244E46A1A1E182A000242D3 /* AstrometryTests */ = {
			isa = PBXNativeTarget;
			buildConfigurationList = 0244E4781A1E182A000242D3 /* Build configuration list for PBXNativeTarget "AstrometryTests" */;
			buildPhases = (
				0244E4671A1E182A000242D3 /* Sources */,
				0244E4681A1E182A000242D3 /* Frameworks */,
				0244E4691A1E182A000242D3 /* Resources */,
			);
			buildRules = (
			);
			dependencies = (
				0244E46D1A1E182A000242D3 /* PBXTargetDependency */,
			);
			name = AstrometryTests;
			productName = AstrometryTests;
			productReference = 0244E46B1A1E182A000242D3 /* AstrometryTests.xctest */;
			productType = "com.apple.product-type.bundle.unit-test";
		};
/* End PBXNativeTarget section */

/* Begin PBXProject section */
		0244E4501A1E182A000242D3 /* Project object */ = {
			isa = PBXProject;
			attributes = {
				LastUpgradeCheck = 0610;
				ORGANIZATIONNAME = lapsedpacifist;
				TargetAttributes = {
					0244E4571A1E182A000242D3 = {
						CreatedOnToolsVersion = 6.1;
					};
					0244E46A1A1E182A000242D3 = {
						CreatedOnToolsVersion = 6.1;
						TestTargetID = 0244E4571A1E182A000242D3;
					};
				};
			};
			buildConfigurationList = 0244E4531A1E182A000242D3 /* Build configuration list for PBXProject "Astrometry" */;
			compatibilityVersion = "Xcode 3.2";
			developmentRegion = English;
			hasScannedForEncodings = 0;
			knownRegions = (
				en,
				Base,
			);
			mainGroup = 0244E44F1A1E182A000242D3;
			productRefGroup = 0244E4591A1E182A000242D3 /* Products */;
			projectDirPath = "";
			projectRoot = "";
			targets = (
				0244E4571A1E182A000242D3 /* Astrometry */,
				0244E46A1A1E182A000242D3 /* AstrometryTests */,
			);
		};
/* End PBXProject section */

/* Begin PBXResourcesBuildPhase section */
		0244E4561A1E182A000242D3 /* Resources */ = {
			isa = PBXResourcesBuildPhase;
			buildActionMask = 2147483647;
			files = (
				0244E4631A1E182A000242D3 /* Images.xcassets in Resources */,
				0244E4661A1E182A000242D3 /* MainMenu.xib in Resources */,
				0244E4821A20C4F9000242D3 /* OmCenFORS.xml in Resources */,
			);
			runOnlyForDeploymentPostprocessing = 0;
		};
		0244E4691A1E182A000242D3 /* Resources */ = {
			isa = PBXResourcesBuildPhase;
			buildActionMask = 2147483647;
			files = (
			);
			runOnlyForDeploymentPostprocessing = 0;
		};
/* End PBXResourcesBuildPhase section */

/* Begin PBXSourcesBuildPhase section */
		0244E4541A1E182A000242D3 /* Sources */ = {
			isa = PBXSourcesBuildPhase;
			buildActionMask = 2147483647;
			files = (
				020466781A249AE6004974D0 /* AMColourIndexCalculator.m in Sources */,
				0244E4861A20CC18000242D3 /* AMCatalogueReader.m in Sources */,
				0244E4A91A226B64000242D3 /* AMScalarQuantity.m in Sources */,
				0244E49E1A221C5F000242D3 /* AMCelestialObject.m in Sources */,
				0244E4921A221BA9000242D3 /* AMUnit.m in Sources */,
				0244E4611A1E182A000242D3 /* main.m in Sources */,
				0244E4B51A235352000242D3 /* AMQuantityIndex.m in Sources */,
				0244E4A41A22206B000242D3 /* AMScalarMeasure.m in Sources */,
				0244E4A11A221E45000242D3 /* AMCoordinateSystem.m in Sources */,
				020466751A249ACE004974D0 /* AMCalculator.m in Sources */,
				0244E45F1A1E182A000242D3 /* AMAppDelegate.m in Sources */,
				0244E4A61A2260F7000242D3 /* AMTypes.m in Sources */,
				0244E4BE1A23D049000242D3 /* AMSearchDescriptor.m in Sources */,
				0244E4981A221BDC000242D3 /* AMMeasure.m in Sources */,
				0244E4891A20CC87000242D3 /* AMCatalogue.m in Sources */,
				0244E49B1A221C44000242D3 /* AMSphericalCoordinates.m in Sources */,
				0244E4951A221BBB000242D3 /* AMQuantity.m in Sources */,
				0244E4BB1A235772000242D3 /* AMCatalogueIndexEntry.m in Sources */,
				0244E4B21A23528E000242D3 /* AMScalarIndexEntry.m in Sources */,
				0244E4C61A23D310000242D3 /* AMCompoundSearchDescriptor.m in Sources */,
				0244E4B81A23537B000242D3 /* AMScalarQuantityIndex.m in Sources */,
				0244E4AF1A23526B000242D3 /* AMCatalogueIndex.m in Sources */,
				0244E4AC1A226C01000242D3 /* AMVectorQuantity.m in Sources */,
				0244E4C11A23D14C000242D3 /* AMScalarQuantitySearchDescriptor.m in Sources */,
			);
			runOnlyForDeploymentPostprocessing = 0;
		};
		0244E4671A1E182A000242D3 /* Sources */ = {
			isa = PBXSourcesBuildPhase;
			buildActionMask = 2147483647;
			files = (
				0244E4721A1E182A000242D3 /* AstrometryTests.m in Sources */,
			);
			runOnlyForDeploymentPostprocessing = 0;
		};
/* End PBXSourcesBuildPhase section */

/* Begin PBXTargetDependency section */
		0244E46D1A1E182A000242D3 /* PBXTargetDependency */ = {
			isa = PBXTargetDependency;
			target = 0244E4571A1E182A000242D3 /* Astrometry */;
			targetProxy = 0244E46C1A1E182A000242D3 /* PBXContainerItemProxy */;
		};
/* End PBXTargetDependency section */

/* Begin PBXVariantGroup section */
		0244E4641A1E182A000242D3 /* MainMenu.xib */ = {
			isa = PBXVariantGroup;
			children = (
				0244E4651A1E182A000242D3 /* Base */,
			);
			name = MainMenu.xib;
			sourceTree = "<group>";
		};
/* End PBXVariantGroup section */

/* Begin XCBuildConfiguration section */
		0244E4731A1E182A000242D3 /* Debug */ = {
			isa = XCBuildConfiguration;
			buildSettings = {
				ALWAYS_SEARCH_USER_PATHS = NO;
				CLANG_CXX_LANGUAGE_STANDARD = "gnu++0x";
				CLANG_CXX_LIBRARY = "libc++";
				CLANG_ENABLE_MODULES = YES;
				CLANG_ENABLE_OBJC_ARC = YES;
				CLANG_WARN_BOOL_CONVERSION = YES;
				CLANG_WARN_CONSTANT_CONVERSION = YES;
				CLANG_WARN_DIRECT_OBJC_ISA_USAGE = YES_ERROR;
				CLANG_WARN_EMPTY_BODY = YES;
				CLANG_WARN_ENUM_CONVERSION = YES;
				CLANG_WARN_INT_CONVERSION = YES;
				CLANG_WARN_OBJC_ROOT_CLASS = YES_ERROR;
				CLANG_WARN_UNREACHABLE_CODE = YES;
				CLANG_WARN__DUPLICATE_METHOD_MATCH = YES;
				CODE_SIGN_IDENTITY = "-";
				COPY_PHASE_STRIP = NO;
				ENABLE_STRICT_OBJC_MSGSEND = YES;
				GCC_C_LANGUAGE_STANDARD = gnu99;
				GCC_DYNAMIC_NO_PIC = NO;
				GCC_OPTIMIZATION_LEVEL = 0;
				GCC_PREPROCESSOR_DEFINITIONS = (
					"DEBUG=1",
					"$(inherited)",
				);
				GCC_SYMBOLS_PRIVATE_EXTERN = NO;
				GCC_WARN_64_TO_32_BIT_CONVERSION = YES;
				GCC_WARN_ABOUT_RETURN_TYPE = YES_ERROR;
				GCC_WARN_UNDECLARED_SELECTOR = YES;
				GCC_WARN_UNINITIALIZED_AUTOS = YES_AGGRESSIVE;
				GCC_WARN_UNUSED_FUNCTION = YES;
				GCC_WARN_UNUSED_VARIABLE = YES;
				MACOSX_DEPLOYMENT_TARGET = 10.10;
				MTL_ENABLE_DEBUG_INFO = YES;
				ONLY_ACTIVE_ARCH = YES;
				SDKROOT = macosx;
			};
			name = Debug;
		};
		0244E4741A1E182A000242D3 /* Release */ = {
			isa = XCBuildConfiguration;
			buildSettings = {
				ALWAYS_SEARCH_USER_PATHS = NO;
				CLANG_CXX_LANGUAGE_STANDARD = "gnu++0x";
				CLANG_CXX_LIBRARY = "libc++";
				CLANG_ENABLE_MODULES = YES;
				CLANG_ENABLE_OBJC_ARC = YES;
				CLANG_WARN_BOOL_CONVERSION = YES;
				CLANG_WARN_CONSTANT_CONVERSION = YES;
				CLANG_WARN_DIRECT_OBJC_ISA_USAGE = YES_ERROR;
				CLANG_WARN_EMPTY_BODY = YES;
				CLANG_WARN_ENUM_CONVERSION = YES;
				CLANG_WARN_INT_CONVERSION = YES;
				CLANG_WARN_OBJC_ROOT_CLASS = YES_ERROR;
				CLANG_WARN_UNREACHABLE_CODE = YES;
				CLANG_WARN__DUPLICATE_METHOD_MATCH = YES;
				CODE_SIGN_IDENTITY = "-";
				COPY_PHASE_STRIP = YES;
				DEBUG_INFORMATION_FORMAT = "dwarf-with-dsym";
				ENABLE_NS_ASSERTIONS = NO;
				ENABLE_STRICT_OBJC_MSGSEND = YES;
				GCC_C_LANGUAGE_STANDARD = gnu99;
				GCC_WARN_64_TO_32_BIT_CONVERSION = YES;
				GCC_WARN_ABOUT_RETURN_TYPE = YES_ERROR;
				GCC_WARN_UNDECLARED_SELECTOR = YES;
				GCC_WARN_UNINITIALIZED_AUTOS = YES_AGGRESSIVE;
				GCC_WARN_UNUSED_FUNCTION = YES;
				GCC_WARN_UNUSED_VARIABLE = YES;
				MACOSX_DEPLOYMENT_TARGET = 10.10;
				MTL_ENABLE_DEBUG_INFO = NO;
				SDKROOT = macosx;
			};
			name = Release;
		};
		0244E4761A1E182A000242D3 /* Debug */ = {
			isa = XCBuildConfiguration;
			buildSettings = {
				ASSETCATALOG_COMPILER_APPICON_NAME = AppIcon;
				COMBINE_HIDPI_IMAGES = YES;
				INFOPLIST_FILE = Astrometry/Info.plist;
				LD_RUNPATH_SEARCH_PATHS = "$(inherited) @executable_path/../Frameworks";
				PRODUCT_NAME = "$(TARGET_NAME)";
			};
			name = Debug;
		};
		0244E4771A1E182A000242D3 /* Release */ = {
			isa = XCBuildConfiguration;
			buildSettings = {
				ASSETCATALOG_COMPILER_APPICON_NAME = AppIcon;
				COMBINE_HIDPI_IMAGES = YES;
				INFOPLIST_FILE = Astrometry/Info.plist;
				LD_RUNPATH_SEARCH_PATHS = "$(inherited) @executable_path/../Frameworks";
				PRODUCT_NAME = "$(TARGET_NAME)";
			};
			name = Release;
		};
		0244E4791A1E182A000242D3 /* Debug */ = {
			isa = XCBuildConfiguration;
			buildSettings = {
				BUNDLE_LOADER = "$(TEST_HOST)";
				COMBINE_HIDPI_IMAGES = YES;
				FRAMEWORK_SEARCH_PATHS = (
					"$(DEVELOPER_FRAMEWORKS_DIR)",
					"$(inherited)",
				);
				GCC_PREPROCESSOR_DEFINITIONS = (
					"DEBUG=1",
					"$(inherited)",
				);
				INFOPLIST_FILE = AstrometryTests/Info.plist;
				LD_RUNPATH_SEARCH_PATHS = "$(inherited) @executable_path/../Frameworks @loader_path/../Frameworks";
				PRODUCT_NAME = "$(TARGET_NAME)";
				TEST_HOST = "$(BUILT_PRODUCTS_DIR)/Astrometry.app/Contents/MacOS/Astrometry";
			};
			name = Debug;
		};
		0244E47A1A1E182A000242D3 /* Release */ = {
			isa = XCBuildConfiguration;
			buildSettings = {
				BUNDLE_LOADER = "$(TEST_HOST)";
				COMBINE_HIDPI_IMAGES = YES;
				FRAMEWORK_SEARCH_PATHS = (
					"$(DEVELOPER_FRAMEWORKS_DIR)",
					"$(inherited)",
				);
				INFOPLIST_FILE = AstrometryTests/Info.plist;
				LD_RUNPATH_SEARCH_PATHS = "$(inherited) @executable_path/../Frameworks @loader_path/../Frameworks";
				PRODUCT_NAME = "$(TARGET_NAME)";
				TEST_HOST = "$(BUILT_PRODUCTS_DIR)/Astrometry.app/Contents/MacOS/Astrometry";
			};
			name = Release;
		};
/* End XCBuildConfiguration section */

/* Begin XCConfigurationList section */
		0244E4531A1E182A000242D3 /* Build configuration list for PBXProject "Astrometry" */ = {
			isa = XCConfigurationList;
			buildConfigurations = (
				0244E4731A1E182A000242D3 /* Debug */,
				0244E4741A1E182A000242D3 /* Release */,
			);
			defaultConfigurationIsVisible = 0;
			defaultConfigurationName = Release;
		};
		0244E4751A1E182A000242D3 /* Build configuration list for PBXNativeTarget "Astrometry" */ = {
			isa = XCConfigurationList;
			buildConfigurations = (
				0244E4761A1E182A000242D3 /* Debug */,
				0244E4771A1E182A000242D3 /* Release */,
			);
			defaultConfigurationIsVisible = 0;
			defaultConfigurationName = Release;
		};
		0244E4781A1E182A000242D3 /* Build configuration list for PBXNativeTarget "AstrometryTests" */ = {
			isa = XCConfigurationList;
			buildConfigurations = (
				0244E4791A1E182A000242D3 /* Debug */,
				0244E47A1A1E182A000242D3 /* Release */,
			);
			defaultConfigurationIsVisible = 0;
			defaultConfigurationName = Release;
		};
/* End XCConfigurationList section */
	};
	rootObject = 0244E4501A1E182A000242D3 /* Project object */;
}
